{
  "object": {
    "pins": [
      {
        "package": "BabyModule",
        "repositoryURL": "https://github.com/calvinchestnut/BabyChestnut.git",
        "state": {
          "branch": "master",
          "revision": "3135e453e6026fda00b43bb2ecf6a1557d01ff3b",
          "version": null
        }
      }
    ]
  },
  "version": 1
}
