// !$*UTF8*$!
{
	archiveVersion = 1;
	classes = {
	};
	objectVersion = 52;
	objects = {

/* Begin PBXBuildFile section */
		CF125D65249246B800E2908C /* BabyFormView.swift in Sources */ = {isa = PBXBuildFile; fileRef = CF125D64249246B800E2908C /* BabyFormView.swift */; };
		CF125D6B249270BA00E2908C /* ConflictResolutionView.swift in Sources */ = {isa = PBXBuildFile; fileRef = CF125D6A249270BA00E2908C /* ConflictResolutionView.swift */; };
		CF2B51D9249BDE880035A11F /* MeasuredEventFormView.swift in Sources */ = {isa = PBXBuildFile; fileRef = CF2B51D8249BDE880035A11F /* MeasuredEventFormView.swift */; };
		CF2B51DB249C5D6F0035A11F /* MeasurementStepperView.swift in Sources */ = {isa = PBXBuildFile; fileRef = CF2B51DA249C5D6F0035A11F /* MeasurementStepperView.swift */; };
		CF402337249E65E900739641 /* BabyLog_Extensions.swift in Sources */ = {isa = PBXBuildFile; fileRef = CF402336249E65E900739641 /* BabyLog_Extensions.swift */; };
		CF402339249E663200739641 /* Date_Extensions.swift in Sources */ = {isa = PBXBuildFile; fileRef = CF402338249E663200739641 /* Date_Extensions.swift */; };
		CF40233B249E664F00739641 /* Codable_Extensions.swift in Sources */ = {isa = PBXBuildFile; fileRef = CF40233A249E664F00739641 /* Codable_Extensions.swift */; };
		CF40233D249E669900739641 /* FileVersion_Extensions.swift in Sources */ = {isa = PBXBuildFile; fileRef = CF40233C249E669900739641 /* FileVersion_Extensions.swift */; };
		CF40233F249E66A500739641 /* Unit_Extensions.swift in Sources */ = {isa = PBXBuildFile; fileRef = CF40233E249E66A500739641 /* Unit_Extensions.swift */; };
		CF402342249E6E7900739641 /* DateFormatters.swift in Sources */ = {isa = PBXBuildFile; fileRef = CF402341249E6E7900739641 /* DateFormatters.swift */; };
		CF402346249E6E9200739641 /* PersonNameFormatters.swift in Sources */ = {isa = PBXBuildFile; fileRef = CF402345249E6E9200739641 /* PersonNameFormatters.swift */; };
		CF402348249E6EA100739641 /* MeasurementFormatters.swift in Sources */ = {isa = PBXBuildFile; fileRef = CF402347249E6EA100739641 /* MeasurementFormatters.swift */; };
		CF40234B249E8CB000739641 /* HavNavBarModifier.swift in Sources */ = {isa = PBXBuildFile; fileRef = CF40234A249E8CB000739641 /* HavNavBarModifier.swift */; };
		CF40234D249E8CBF00739641 /* ForcedGroupStyleModifier.swift in Sources */ = {isa = PBXBuildFile; fileRef = CF40234C249E8CBF00739641 /* ForcedGroupStyleModifier.swift */; };
		CF40234F249E8CD000739641 /* ShadowModifier.swift in Sources */ = {isa = PBXBuildFile; fileRef = CF40234E249E8CD000739641 /* ShadowModifier.swift */; };
		CF402351249E8D8100739641 /* FloatingModifier.swift in Sources */ = {isa = PBXBuildFile; fileRef = CF402350249E8D8100739641 /* FloatingModifier.swift */; };
		CF402353249E8E5600739641 /* AppearDisabledModifier.swift in Sources */ = {isa = PBXBuildFile; fileRef = CF402352249E8E5600739641 /* AppearDisabledModifier.swift */; };
		CF402355249E8EE400739641 /* View_Extensions.swift in Sources */ = {isa = PBXBuildFile; fileRef = CF402354249E8EE400739641 /* View_Extensions.swift */; };
		CF402358249EB36F00739641 /* BabyEventType.swift in Sources */ = {isa = PBXBuildFile; fileRef = CF402357249EB36F00739641 /* BabyEventType.swift */; };
		CF40235A249EB46200739641 /* MeasuredBabyEvent.swift in Sources */ = {isa = PBXBuildFile; fileRef = CF402359249EB46200739641 /* MeasuredBabyEvent.swift */; };
		CF40235C249EC59000739641 /* BabyEventType_CardHeaderProvider.swift in Sources */ = {isa = PBXBuildFile; fileRef = CF40235B249EC59000739641 /* BabyEventType_CardHeaderProvider.swift */; };
		CF40235E249EC71C00739641 /* CardHeaderProvider.swift in Sources */ = {isa = PBXBuildFile; fileRef = CF40235D249EC71C00739641 /* CardHeaderProvider.swift */; };
		CF402360249EC74100739641 /* FeedEventSource_CardHeaderProvider.swift in Sources */ = {isa = PBXBuildFile; fileRef = CF40235F249EC74100739641 /* FeedEventSource_CardHeaderProvider.swift */; };
		CF402362249EC79B00739641 /* MeasuredBabyEvent_Extensions.swift in Sources */ = {isa = PBXBuildFile; fileRef = CF402361249EC79B00739641 /* MeasuredBabyEvent_Extensions.swift */; };
		CF402369249EEA5300739641 /* FeedEventSource.swift in Sources */ = {isa = PBXBuildFile; fileRef = CF402368249EEA5300739641 /* FeedEventSource.swift */; };
		CF40236B249EEC0100739641 /* MeasuredBabyEvent_Defaults.swift in Sources */ = {isa = PBXBuildFile; fileRef = CF40236A249EEC0100739641 /* MeasuredBabyEvent_Defaults.swift */; };
		CF40236D249EEFBF00739641 /* CircleViews.swift in Sources */ = {isa = PBXBuildFile; fileRef = CF40236C249EEFBF00739641 /* CircleViews.swift */; };
		CF40236F249EF11600739641 /* ThemeColor_Options.swift in Sources */ = {isa = PBXBuildFile; fileRef = CF40236E249EF11600739641 /* ThemeColor_Options.swift */; };
		CF6A3258249F023E0046F370 /* Baby_Extensions.swift in Sources */ = {isa = PBXBuildFile; fileRef = CF6A3257249F023E0046F370 /* Baby_Extensions.swift */; };
		CF6A325A249F03B80046F370 /* BabyLogArchive.swift in Sources */ = {isa = PBXBuildFile; fileRef = CF6A3259249F03B80046F370 /* BabyLogArchive.swift */; };
		CF6A325C249F059C0046F370 /* BabyEventStore.swift in Sources */ = {isa = PBXBuildFile; fileRef = CF6A325B249F059C0046F370 /* BabyEventStore.swift */; };
		CF6A325E249F05F10046F370 /* BabyLog_EventStoreActions.swift in Sources */ = {isa = PBXBuildFile; fileRef = CF6A325D249F05F10046F370 /* BabyLog_EventStoreActions.swift */; };
		CF6A3260249F075E0046F370 /* BabyError.swift in Sources */ = {isa = PBXBuildFile; fileRef = CF6A325F249F075E0046F370 /* BabyError.swift */; };
		CF6A3262249F077E0046F370 /* BabyErrorHandler.swift in Sources */ = {isa = PBXBuildFile; fileRef = CF6A3261249F077E0046F370 /* BabyErrorHandler.swift */; };
		CF6A3265249F07DB0046F370 /* BBLGSViewController_BabyErrorHandler.swift in Sources */ = {isa = PBXBuildFile; fileRef = CF6A3264249F07DB0046F370 /* BBLGSViewController_BabyErrorHandler.swift */; };
		CF6A3269249F09550046F370 /* UserActivityType.swift in Sources */ = {isa = PBXBuildFile; fileRef = CF6A3268249F09550046F370 /* UserActivityType.swift */; };
		CF6A326C249F0D7C0046F370 /* BBLGSViewController_Lifecycle.swift in Sources */ = {isa = PBXBuildFile; fileRef = CF6A326B249F0D7C0046F370 /* BBLGSViewController_Lifecycle.swift */; };
		CF6A326E249F0EE20046F370 /* BBLGSViewController_Restoration.swift in Sources */ = {isa = PBXBuildFile; fileRef = CF6A326D249F0EE20046F370 /* BBLGSViewController_Restoration.swift */; };
		CF6A3270249F10790046F370 /* BBLGSViewController_DocumentBrowser.swift in Sources */ = {isa = PBXBuildFile; fileRef = CF6A326F249F10790046F370 /* BBLGSViewController_DocumentBrowser.swift */; };
		CF6A3272249F10E40046F370 /* BrowserContext.swift in Sources */ = {isa = PBXBuildFile; fileRef = CF6A3271249F10E40046F370 /* BrowserContext.swift */; };
		CF6A3274249F11AF0046F370 /* LogPresenter.swift in Sources */ = {isa = PBXBuildFile; fileRef = CF6A3273249F11AF0046F370 /* LogPresenter.swift */; };
		CF6A3276249F11BD0046F370 /* BBLGSViewController_LogPresenter.swift in Sources */ = {isa = PBXBuildFile; fileRef = CF6A3275249F11BD0046F370 /* BBLGSViewController_LogPresenter.swift */; };
		CF6A3279249F124B0046F370 /* BBLGSViewController_DocumentManager.swift in Sources */ = {isa = PBXBuildFile; fileRef = CF6A3278249F124B0046F370 /* BBLGSViewController_DocumentManager.swift */; };
		CF6A327B249F12B30046F370 /* DocumentAction.swift in Sources */ = {isa = PBXBuildFile; fileRef = CF6A327A249F12B30046F370 /* DocumentAction.swift */; };
		CF6A327E249F18E20046F370 /* DocumentBrowserViewController_BrowserDelegate.swift in Sources */ = {isa = PBXBuildFile; fileRef = CF6A327D249F18E20046F370 /* DocumentBrowserViewController_BrowserDelegate.swift */; };
		CF6A3280249FD5D30046F370 /* BabyFormView_FormContent.swift in Sources */ = {isa = PBXBuildFile; fileRef = CF6A327F249FD5D30046F370 /* BabyFormView_FormContent.swift */; };
		CF8FC1E624A05C43009AE094 /* BabyFormView_Validation.swift in Sources */ = {isa = PBXBuildFile; fileRef = CF8FC1E524A05C43009AE094 /* BabyFormView_Validation.swift */; };
		CF8FC1E924A06005009AE094 /* DocumentsView_LogPickerAction.swift in Sources */ = {isa = PBXBuildFile; fileRef = CF8FC1E824A06005009AE094 /* DocumentsView_LogPickerAction.swift */; };
		CF8FC1EC24A06035009AE094 /* LogPickerAction.swift in Sources */ = {isa = PBXBuildFile; fileRef = CF8FC1EB24A06035009AE094 /* LogPickerAction.swift */; };
		CF8FC1EF24A06225009AE094 /* BabyLogConflict.swift in Sources */ = {isa = PBXBuildFile; fileRef = CF8FC1EE24A06225009AE094 /* BabyLogConflict.swift */; };
		CF8FC1F124A0624C009AE094 /* BBLGSViewController_Conflict.swift in Sources */ = {isa = PBXBuildFile; fileRef = CF8FC1F024A0624C009AE094 /* BBLGSViewController_Conflict.swift */; };
		CF8FC1F324A06329009AE094 /* FileVersionGroupSummary.swift in Sources */ = {isa = PBXBuildFile; fileRef = CF8FC1F224A06329009AE094 /* FileVersionGroupSummary.swift */; };
		CF8FC1F524A063A7009AE094 /* FileVersionList.swift in Sources */ = {isa = PBXBuildFile; fileRef = CF8FC1F424A063A7009AE094 /* FileVersionList.swift */; };
		CF8FC1F724A063E1009AE094 /* FileVersionInfoStack.swift in Sources */ = {isa = PBXBuildFile; fileRef = CF8FC1F624A063E1009AE094 /* FileVersionInfoStack.swift */; };
		CF8FC1FC24A18293009AE094 /* .gitignore in Resources */ = {isa = PBXBuildFile; fileRef = CF8FC1FB24A18293009AE094 /* .gitignore */; };
		CF90150E2486AADE00343F5C /* DocumentBrowserViewController.swift in Sources */ = {isa = PBXBuildFile; fileRef = CF90150D2486AADE00343F5C /* DocumentBrowserViewController.swift */; };
		CF9015102486ABF100343F5C /* BabyLog.swift in Sources */ = {isa = PBXBuildFile; fileRef = CF90150F2486ABF000343F5C /* BabyLog.swift */; };
		CF9015122486AC0300343F5C /* MyBabyLog.bblg in Resources */ = {isa = PBXBuildFile; fileRef = CF9015112486AC0300343F5C /* MyBabyLog.bblg */; };
		CF9015162486ACED00343F5C /* bblg_icon.png in Resources */ = {isa = PBXBuildFile; fileRef = CF9015152486ACED00343F5C /* bblg_icon.png */; };
		CFA0E036249807B90095680B /* CustomEventFormView.swift in Sources */ = {isa = PBXBuildFile; fileRef = CFA0E035249807B90095680B /* CustomEventFormView.swift */; };
		CFA0E03824982EAF0095680B /* TimeStepperView.swift in Sources */ = {isa = PBXBuildFile; fileRef = CFA0E03724982EAF0095680B /* TimeStepperView.swift */; };
		CFA0E03A2498752F0095680B /* KeyboardResponder.swift in Sources */ = {isa = PBXBuildFile; fileRef = CFA0E0392498752F0095680B /* KeyboardResponder.swift */; };
		CFAE0FCE2492C93400B52BF1 /* ThemeColor.swift in Sources */ = {isa = PBXBuildFile; fileRef = CFAE0FCD2492C93400B52BF1 /* ThemeColor.swift */; };
		CFAE0FD02492CC2600B52BF1 /* Baby.swift in Sources */ = {isa = PBXBuildFile; fileRef = CFAE0FCF2492CC2600B52BF1 /* Baby.swift */; };
		CFAE0FD22493016100B52BF1 /* ObservableDate.swift in Sources */ = {isa = PBXBuildFile; fileRef = CFAE0FD12493016100B52BF1 /* ObservableDate.swift */; };
		CFAE0FD42493064700B52BF1 /* BabyLogTabView.swift in Sources */ = {isa = PBXBuildFile; fileRef = CFAE0FD32493064700B52BF1 /* BabyLogTabView.swift */; };
		CFAE0FD62493067300B52BF1 /* BabyIconView.swift in Sources */ = {isa = PBXBuildFile; fileRef = CFAE0FD52493067300B52BF1 /* BabyIconView.swift */; };
		CFAE0FD8249306B400B52BF1 /* AgeView.swift in Sources */ = {isa = PBXBuildFile; fileRef = CFAE0FD7249306B400B52BF1 /* AgeView.swift */; };
		CFAE0FDA2493076700B52BF1 /* LogView.swift in Sources */ = {isa = PBXBuildFile; fileRef = CFAE0FD92493076700B52BF1 /* LogView.swift */; };
		CFAE0FDC2493159000B52BF1 /* FeedEvent.swift in Sources */ = {isa = PBXBuildFile; fileRef = CFAE0FDB2493159000B52BF1 /* FeedEvent.swift */; };
		CFAE0FDE249315BE00B52BF1 /* DiaperEvent.swift in Sources */ = {isa = PBXBuildFile; fileRef = CFAE0FDD249315BE00B52BF1 /* DiaperEvent.swift */; };
		CFAE0FE0249315C900B52BF1 /* NapEvent.swift in Sources */ = {isa = PBXBuildFile; fileRef = CFAE0FDF249315C900B52BF1 /* NapEvent.swift */; };
		CFAE0FE2249315D300B52BF1 /* WeightEvent.swift in Sources */ = {isa = PBXBuildFile; fileRef = CFAE0FE1249315D300B52BF1 /* WeightEvent.swift */; };
		CFAE0FE6249315E700B52BF1 /* TummyTimeEvent.swift in Sources */ = {isa = PBXBuildFile; fileRef = CFAE0FE5249315E700B52BF1 /* TummyTimeEvent.swift */; };
		CFAE0FE82493178800B52BF1 /* CustomEvent.swift in Sources */ = {isa = PBXBuildFile; fileRef = CFAE0FE72493178800B52BF1 /* CustomEvent.swift */; };
		CFAE0FEA2493198800B52BF1 /* Ticker.swift in Sources */ = {isa = PBXBuildFile; fileRef = CFAE0FE92493198800B52BF1 /* Ticker.swift */; };
		CFAE0FF424931FD200B52BF1 /* SharedAssets.xcassets in Resources */ = {isa = PBXBuildFile; fileRef = CFAE0FF324931FD200B52BF1 /* SharedAssets.xcassets */; };
		CFAE0FFA24932B3E00B52BF1 /* DateStepperView.swift in Sources */ = {isa = PBXBuildFile; fileRef = CFAE0FF924932B3E00B52BF1 /* DateStepperView.swift */; };
		CFAE0FFE249332DC00B52BF1 /* DiaperSummaryView.swift in Sources */ = {isa = PBXBuildFile; fileRef = CFAE0FFD249332DC00B52BF1 /* DiaperSummaryView.swift */; };
		CFAE1000249336A800B52BF1 /* BabyInfoView.swift in Sources */ = {isa = PBXBuildFile; fileRef = CFAE0FFF249336A800B52BF1 /* BabyInfoView.swift */; };
		CFC1800C245E18B1007C756A /* AppDelegate.swift in Sources */ = {isa = PBXBuildFile; fileRef = CFC1800B245E18B1007C756A /* AppDelegate.swift */; };
		CFC1800E245E18B1007C756A /* SceneDelegate.swift in Sources */ = {isa = PBXBuildFile; fileRef = CFC1800D245E18B1007C756A /* SceneDelegate.swift */; };
		CFC18012245E18B3007C756A /* Assets.xcassets in Resources */ = {isa = PBXBuildFile; fileRef = CFC18011245E18B3007C756A /* Assets.xcassets */; };
		CFC18015245E18B3007C756A /* Preview Assets.xcassets in Resources */ = {isa = PBXBuildFile; fileRef = CFC18014245E18B3007C756A /* Preview Assets.xcassets */; };
		CFC18018245E18B3007C756A /* LaunchScreen.storyboard in Resources */ = {isa = PBXBuildFile; fileRef = CFC18016245E18B3007C756A /* LaunchScreen.storyboard */; };
		CFC18023245E18B3007C756A /* BabyTrackerTests.swift in Sources */ = {isa = PBXBuildFile; fileRef = CFC18022245E18B3007C756A /* BabyTrackerTests.swift */; };
		CFC18031245E1EFF007C756A /* BabyModule in Frameworks */ = {isa = PBXBuildFile; productRef = CFC18030245E1EFF007C756A /* BabyModule */; };
		CFC18033245E224E007C756A /* BabyEvent.swift in Sources */ = {isa = PBXBuildFile; fileRef = CFC18032245E224E007C756A /* BabyEvent.swift */; };
		CFCF4FEB2484653A0027CB98 /* readme.md in Resources */ = {isa = PBXBuildFile; fileRef = CFCF4FEA2484653A0027CB98 /* readme.md */; };
		CFD6F41F2487068200E7DAAD /* NewWindowView.swift in Sources */ = {isa = PBXBuildFile; fileRef = CFD6F41E2487068200E7DAAD /* NewWindowView.swift */; };
		CFD6F421248706A900E7DAAD /* BBLGSViewController.swift in Sources */ = {isa = PBXBuildFile; fileRef = CFD6F420248706A900E7DAAD /* BBLGSViewController.swift */; };
		CFD6F42324870E6C00E7DAAD /* DocumentsView.swift in Sources */ = {isa = PBXBuildFile; fileRef = CFD6F42224870E6C00E7DAAD /* DocumentsView.swift */; };
/* End PBXBuildFile section */

/* Begin PBXContainerItemProxy section */
		CFC1801F245E18B3007C756A /* PBXContainerItemProxy */ = {
			isa = PBXContainerItemProxy;
			containerPortal = CFC18000245E18B0007C756A /* Project object */;
			proxyType = 1;
			remoteGlobalIDString = CFC18007245E18B1007C756A;
			remoteInfo = BabyTracker;
		};
/* End PBXContainerItemProxy section */

/* Begin PBXFileReference section */
		CF125D64249246B800E2908C /* BabyFormView.swift */ = {isa = PBXFileReference; lastKnownFileType = sourcecode.swift; path = BabyFormView.swift; sourceTree = "<group>"; };
		CF125D6A249270BA00E2908C /* ConflictResolutionView.swift */ = {isa = PBXFileReference; lastKnownFileType = sourcecode.swift; path = ConflictResolutionView.swift; sourceTree = "<group>"; };
		CF2B51D8249BDE880035A11F /* MeasuredEventFormView.swift */ = {isa = PBXFileReference; lastKnownFileType = sourcecode.swift; path = MeasuredEventFormView.swift; sourceTree = "<group>"; };
		CF2B51DA249C5D6F0035A11F /* MeasurementStepperView.swift */ = {isa = PBXFileReference; lastKnownFileType = sourcecode.swift; path = MeasurementStepperView.swift; sourceTree = "<group>"; };
		CF38D2542467608D00EF6FC9 /* BabyTracker.entitlements */ = {isa = PBXFileReference; lastKnownFileType = text.plist.entitlements; path = BabyTracker.entitlements; sourceTree = "<group>"; };
		CF402336249E65E900739641 /* BabyLog_Extensions.swift */ = {isa = PBXFileReference; lastKnownFileType = sourcecode.swift; path = BabyLog_Extensions.swift; sourceTree = "<group>"; };
		CF402338249E663200739641 /* Date_Extensions.swift */ = {isa = PBXFileReference; lastKnownFileType = sourcecode.swift; path = Date_Extensions.swift; sourceTree = "<group>"; };
		CF40233A249E664F00739641 /* Codable_Extensions.swift */ = {isa = PBXFileReference; lastKnownFileType = sourcecode.swift; path = Codable_Extensions.swift; sourceTree = "<group>"; };
		CF40233C249E669900739641 /* FileVersion_Extensions.swift */ = {isa = PBXFileReference; lastKnownFileType = sourcecode.swift; path = FileVersion_Extensions.swift; sourceTree = "<group>"; };
		CF40233E249E66A500739641 /* Unit_Extensions.swift */ = {isa = PBXFileReference; lastKnownFileType = sourcecode.swift; path = Unit_Extensions.swift; sourceTree = "<group>"; };
		CF402341249E6E7900739641 /* DateFormatters.swift */ = {isa = PBXFileReference; lastKnownFileType = sourcecode.swift; path = DateFormatters.swift; sourceTree = "<group>"; };
		CF402345249E6E9200739641 /* PersonNameFormatters.swift */ = {isa = PBXFileReference; lastKnownFileType = sourcecode.swift; path = PersonNameFormatters.swift; sourceTree = "<group>"; };
		CF402347249E6EA100739641 /* MeasurementFormatters.swift */ = {isa = PBXFileReference; lastKnownFileType = sourcecode.swift; path = MeasurementFormatters.swift; sourceTree = "<group>"; };
		CF40234A249E8CB000739641 /* HavNavBarModifier.swift */ = {isa = PBXFileReference; lastKnownFileType = sourcecode.swift; path = HavNavBarModifier.swift; sourceTree = "<group>"; };
		CF40234C249E8CBF00739641 /* ForcedGroupStyleModifier.swift */ = {isa = PBXFileReference; lastKnownFileType = sourcecode.swift; path = ForcedGroupStyleModifier.swift; sourceTree = "<group>"; };
		CF40234E249E8CD000739641 /* ShadowModifier.swift */ = {isa = PBXFileReference; lastKnownFileType = sourcecode.swift; path = ShadowModifier.swift; sourceTree = "<group>"; };
		CF402350249E8D8100739641 /* FloatingModifier.swift */ = {isa = PBXFileReference; lastKnownFileType = sourcecode.swift; path = FloatingModifier.swift; sourceTree = "<group>"; };
		CF402352249E8E5600739641 /* AppearDisabledModifier.swift */ = {isa = PBXFileReference; lastKnownFileType = sourcecode.swift; path = AppearDisabledModifier.swift; sourceTree = "<group>"; };
		CF402354249E8EE400739641 /* View_Extensions.swift */ = {isa = PBXFileReference; lastKnownFileType = sourcecode.swift; path = View_Extensions.swift; sourceTree = "<group>"; };
		CF402357249EB36F00739641 /* BabyEventType.swift */ = {isa = PBXFileReference; lastKnownFileType = sourcecode.swift; path = BabyEventType.swift; sourceTree = "<group>"; };
		CF402359249EB46200739641 /* MeasuredBabyEvent.swift */ = {isa = PBXFileReference; lastKnownFileType = sourcecode.swift; path = MeasuredBabyEvent.swift; sourceTree = "<group>"; };
		CF40235B249EC59000739641 /* BabyEventType_CardHeaderProvider.swift */ = {isa = PBXFileReference; lastKnownFileType = sourcecode.swift; path = BabyEventType_CardHeaderProvider.swift; sourceTree = "<group>"; };
		CF40235D249EC71C00739641 /* CardHeaderProvider.swift */ = {isa = PBXFileReference; lastKnownFileType = sourcecode.swift; path = CardHeaderProvider.swift; sourceTree = "<group>"; };
		CF40235F249EC74100739641 /* FeedEventSource_CardHeaderProvider.swift */ = {isa = PBXFileReference; lastKnownFileType = sourcecode.swift; path = FeedEventSource_CardHeaderProvider.swift; sourceTree = "<group>"; };
		CF402361249EC79B00739641 /* MeasuredBabyEvent_Extensions.swift */ = {isa = PBXFileReference; lastKnownFileType = sourcecode.swift; path = MeasuredBabyEvent_Extensions.swift; sourceTree = "<group>"; };
		CF402368249EEA5300739641 /* FeedEventSource.swift */ = {isa = PBXFileReference; lastKnownFileType = sourcecode.swift; path = FeedEventSource.swift; sourceTree = "<group>"; };
		CF40236A249EEC0100739641 /* MeasuredBabyEvent_Defaults.swift */ = {isa = PBXFileReference; lastKnownFileType = sourcecode.swift; path = MeasuredBabyEvent_Defaults.swift; sourceTree = "<group>"; };
		CF40236C249EEFBF00739641 /* CircleViews.swift */ = {isa = PBXFileReference; lastKnownFileType = sourcecode.swift; path = CircleViews.swift; sourceTree = "<group>"; };
		CF40236E249EF11600739641 /* ThemeColor_Options.swift */ = {isa = PBXFileReference; lastKnownFileType = sourcecode.swift; path = ThemeColor_Options.swift; sourceTree = "<group>"; };
		CF6A3257249F023E0046F370 /* Baby_Extensions.swift */ = {isa = PBXFileReference; lastKnownFileType = sourcecode.swift; path = Baby_Extensions.swift; sourceTree = "<group>"; };
		CF6A3259249F03B80046F370 /* BabyLogArchive.swift */ = {isa = PBXFileReference; lastKnownFileType = sourcecode.swift; path = BabyLogArchive.swift; sourceTree = "<group>"; };
		CF6A325B249F059C0046F370 /* BabyEventStore.swift */ = {isa = PBXFileReference; lastKnownFileType = sourcecode.swift; path = BabyEventStore.swift; sourceTree = "<group>"; };
		CF6A325D249F05F10046F370 /* BabyLog_EventStoreActions.swift */ = {isa = PBXFileReference; lastKnownFileType = sourcecode.swift; path = BabyLog_EventStoreActions.swift; sourceTree = "<group>"; };
		CF6A325F249F075E0046F370 /* BabyError.swift */ = {isa = PBXFileReference; lastKnownFileType = sourcecode.swift; path = BabyError.swift; sourceTree = "<group>"; };
		CF6A3261249F077E0046F370 /* BabyErrorHandler.swift */ = {isa = PBXFileReference; lastKnownFileType = sourcecode.swift; path = BabyErrorHandler.swift; sourceTree = "<group>"; };
		CF6A3264249F07DB0046F370 /* BBLGSViewController_BabyErrorHandler.swift */ = {isa = PBXFileReference; lastKnownFileType = sourcecode.swift; path = BBLGSViewController_BabyErrorHandler.swift; sourceTree = "<group>"; };
		CF6A3268249F09550046F370 /* UserActivityType.swift */ = {isa = PBXFileReference; lastKnownFileType = sourcecode.swift; path = UserActivityType.swift; sourceTree = "<group>"; };
		CF6A326B249F0D7C0046F370 /* BBLGSViewController_Lifecycle.swift */ = {isa = PBXFileReference; lastKnownFileType = sourcecode.swift; path = BBLGSViewController_Lifecycle.swift; sourceTree = "<group>"; };
		CF6A326D249F0EE20046F370 /* BBLGSViewController_Restoration.swift */ = {isa = PBXFileReference; lastKnownFileType = sourcecode.swift; path = BBLGSViewController_Restoration.swift; sourceTree = "<group>"; };
		CF6A326F249F10790046F370 /* BBLGSViewController_DocumentBrowser.swift */ = {isa = PBXFileReference; lastKnownFileType = sourcecode.swift; path = BBLGSViewController_DocumentBrowser.swift; sourceTree = "<group>"; };
		CF6A3271249F10E40046F370 /* BrowserContext.swift */ = {isa = PBXFileReference; lastKnownFileType = sourcecode.swift; path = BrowserContext.swift; sourceTree = "<group>"; };
		CF6A3273249F11AF0046F370 /* LogPresenter.swift */ = {isa = PBXFileReference; lastKnownFileType = sourcecode.swift; path = LogPresenter.swift; sourceTree = "<group>"; };
		CF6A3275249F11BD0046F370 /* BBLGSViewController_LogPresenter.swift */ = {isa = PBXFileReference; lastKnownFileType = sourcecode.swift; path = BBLGSViewController_LogPresenter.swift; sourceTree = "<group>"; };
		CF6A3278249F124B0046F370 /* BBLGSViewController_DocumentManager.swift */ = {isa = PBXFileReference; lastKnownFileType = sourcecode.swift; path = BBLGSViewController_DocumentManager.swift; sourceTree = "<group>"; };
		CF6A327A249F12B30046F370 /* DocumentAction.swift */ = {isa = PBXFileReference; lastKnownFileType = sourcecode.swift; path = DocumentAction.swift; sourceTree = "<group>"; };
		CF6A327D249F18E20046F370 /* DocumentBrowserViewController_BrowserDelegate.swift */ = {isa = PBXFileReference; lastKnownFileType = sourcecode.swift; path = DocumentBrowserViewController_BrowserDelegate.swift; sourceTree = "<group>"; };
		CF6A327F249FD5D30046F370 /* BabyFormView_FormContent.swift */ = {isa = PBXFileReference; lastKnownFileType = sourcecode.swift; path = BabyFormView_FormContent.swift; sourceTree = "<group>"; };
		CF8FC1E524A05C43009AE094 /* BabyFormView_Validation.swift */ = {isa = PBXFileReference; lastKnownFileType = sourcecode.swift; path = BabyFormView_Validation.swift; sourceTree = "<group>"; };
		CF8FC1E824A06005009AE094 /* DocumentsView_LogPickerAction.swift */ = {isa = PBXFileReference; lastKnownFileType = sourcecode.swift; path = DocumentsView_LogPickerAction.swift; sourceTree = "<group>"; };
		CF8FC1EB24A06035009AE094 /* LogPickerAction.swift */ = {isa = PBXFileReference; lastKnownFileType = sourcecode.swift; path = LogPickerAction.swift; sourceTree = "<group>"; };
		CF8FC1EE24A06225009AE094 /* BabyLogConflict.swift */ = {isa = PBXFileReference; lastKnownFileType = sourcecode.swift; path = BabyLogConflict.swift; sourceTree = "<group>"; };
		CF8FC1F024A0624C009AE094 /* BBLGSViewController_Conflict.swift */ = {isa = PBXFileReference; lastKnownFileType = sourcecode.swift; path = BBLGSViewController_Conflict.swift; sourceTree = "<group>"; };
		CF8FC1F224A06329009AE094 /* FileVersionGroupSummary.swift */ = {isa = PBXFileReference; lastKnownFileType = sourcecode.swift; path = FileVersionGroupSummary.swift; sourceTree = "<group>"; };
		CF8FC1F424A063A7009AE094 /* FileVersionList.swift */ = {isa = PBXFileReference; lastKnownFileType = sourcecode.swift; path = FileVersionList.swift; sourceTree = "<group>"; };
		CF8FC1F624A063E1009AE094 /* FileVersionInfoStack.swift */ = {isa = PBXFileReference; lastKnownFileType = sourcecode.swift; path = FileVersionInfoStack.swift; sourceTree = "<group>"; };
		CF8FC1FB24A18293009AE094 /* .gitignore */ = {isa = PBXFileReference; lastKnownFileType = text; path = .gitignore; sourceTree = "<group>"; };
		CF90150D2486AADE00343F5C /* DocumentBrowserViewController.swift */ = {isa = PBXFileReference; lastKnownFileType = sourcecode.swift; path = DocumentBrowserViewController.swift; sourceTree = "<group>"; };
		CF90150F2486ABF000343F5C /* BabyLog.swift */ = {isa = PBXFileReference; fileEncoding = 4; lastKnownFileType = sourcecode.swift; path = BabyLog.swift; sourceTree = "<group>"; };
		CF9015112486AC0300343F5C /* MyBabyLog.bblg */ = {isa = PBXFileReference; fileEncoding = 4; lastKnownFileType = text; path = MyBabyLog.bblg; sourceTree = "<group>"; };
		CF9015152486ACED00343F5C /* bblg_icon.png */ = {isa = PBXFileReference; lastKnownFileType = image.png; path = bblg_icon.png; sourceTree = "<group>"; };
		CFA0E035249807B90095680B /* CustomEventFormView.swift */ = {isa = PBXFileReference; lastKnownFileType = sourcecode.swift; path = CustomEventFormView.swift; sourceTree = "<group>"; };
		CFA0E03724982EAF0095680B /* TimeStepperView.swift */ = {isa = PBXFileReference; lastKnownFileType = sourcecode.swift; path = TimeStepperView.swift; sourceTree = "<group>"; };
		CFA0E0392498752F0095680B /* KeyboardResponder.swift */ = {isa = PBXFileReference; lastKnownFileType = sourcecode.swift; path = KeyboardResponder.swift; sourceTree = "<group>"; };
		CFAE0FCD2492C93400B52BF1 /* ThemeColor.swift */ = {isa = PBXFileReference; lastKnownFileType = sourcecode.swift; path = ThemeColor.swift; sourceTree = "<group>"; };
		CFAE0FCF2492CC2600B52BF1 /* Baby.swift */ = {isa = PBXFileReference; lastKnownFileType = sourcecode.swift; path = Baby.swift; sourceTree = "<group>"; };
		CFAE0FD12493016100B52BF1 /* ObservableDate.swift */ = {isa = PBXFileReference; lastKnownFileType = sourcecode.swift; path = ObservableDate.swift; sourceTree = "<group>"; };
		CFAE0FD32493064700B52BF1 /* BabyLogTabView.swift */ = {isa = PBXFileReference; lastKnownFileType = sourcecode.swift; path = BabyLogTabView.swift; sourceTree = "<group>"; };
		CFAE0FD52493067300B52BF1 /* BabyIconView.swift */ = {isa = PBXFileReference; lastKnownFileType = sourcecode.swift; path = BabyIconView.swift; sourceTree = "<group>"; };
		CFAE0FD7249306B400B52BF1 /* AgeView.swift */ = {isa = PBXFileReference; lastKnownFileType = sourcecode.swift; path = AgeView.swift; sourceTree = "<group>"; };
		CFAE0FD92493076700B52BF1 /* LogView.swift */ = {isa = PBXFileReference; lastKnownFileType = sourcecode.swift; path = LogView.swift; sourceTree = "<group>"; };
		CFAE0FDB2493159000B52BF1 /* FeedEvent.swift */ = {isa = PBXFileReference; lastKnownFileType = sourcecode.swift; path = FeedEvent.swift; sourceTree = "<group>"; };
		CFAE0FDD249315BE00B52BF1 /* DiaperEvent.swift */ = {isa = PBXFileReference; lastKnownFileType = sourcecode.swift; path = DiaperEvent.swift; sourceTree = "<group>"; };
		CFAE0FDF249315C900B52BF1 /* NapEvent.swift */ = {isa = PBXFileReference; lastKnownFileType = sourcecode.swift; path = NapEvent.swift; sourceTree = "<group>"; };
		CFAE0FE1249315D300B52BF1 /* WeightEvent.swift */ = {isa = PBXFileReference; lastKnownFileType = sourcecode.swift; path = WeightEvent.swift; sourceTree = "<group>"; };
		CFAE0FE5249315E700B52BF1 /* TummyTimeEvent.swift */ = {isa = PBXFileReference; lastKnownFileType = sourcecode.swift; path = TummyTimeEvent.swift; sourceTree = "<group>"; };
		CFAE0FE72493178800B52BF1 /* CustomEvent.swift */ = {isa = PBXFileReference; lastKnownFileType = sourcecode.swift; path = CustomEvent.swift; sourceTree = "<group>"; };
		CFAE0FE92493198800B52BF1 /* Ticker.swift */ = {isa = PBXFileReference; lastKnownFileType = sourcecode.swift; path = Ticker.swift; sourceTree = "<group>"; };
		CFAE0FF324931FD200B52BF1 /* SharedAssets.xcassets */ = {isa = PBXFileReference; lastKnownFileType = folder.assetcatalog; path = SharedAssets.xcassets; sourceTree = "<group>"; };
		CFAE0FF924932B3E00B52BF1 /* DateStepperView.swift */ = {isa = PBXFileReference; lastKnownFileType = sourcecode.swift; path = DateStepperView.swift; sourceTree = "<group>"; };
		CFAE0FFD249332DC00B52BF1 /* DiaperSummaryView.swift */ = {isa = PBXFileReference; lastKnownFileType = sourcecode.swift; path = DiaperSummaryView.swift; sourceTree = "<group>"; };
		CFAE0FFF249336A800B52BF1 /* BabyInfoView.swift */ = {isa = PBXFileReference; lastKnownFileType = sourcecode.swift; path = BabyInfoView.swift; sourceTree = "<group>"; };
		CFC18008245E18B1007C756A /* PoopDeck.app */ = {isa = PBXFileReference; explicitFileType = wrapper.application; includeInIndex = 0; path = PoopDeck.app; sourceTree = BUILT_PRODUCTS_DIR; };
		CFC1800B245E18B1007C756A /* AppDelegate.swift */ = {isa = PBXFileReference; lastKnownFileType = sourcecode.swift; path = AppDelegate.swift; sourceTree = "<group>"; };
		CFC1800D245E18B1007C756A /* SceneDelegate.swift */ = {isa = PBXFileReference; lastKnownFileType = sourcecode.swift; path = SceneDelegate.swift; sourceTree = "<group>"; };
		CFC18011245E18B3007C756A /* Assets.xcassets */ = {isa = PBXFileReference; lastKnownFileType = folder.assetcatalog; path = Assets.xcassets; sourceTree = "<group>"; };
		CFC18014245E18B3007C756A /* Preview Assets.xcassets */ = {isa = PBXFileReference; lastKnownFileType = folder.assetcatalog; path = "Preview Assets.xcassets"; sourceTree = "<group>"; };
		CFC18017245E18B3007C756A /* Base */ = {isa = PBXFileReference; lastKnownFileType = file.storyboard; name = Base; path = Base.lproj/LaunchScreen.storyboard; sourceTree = "<group>"; };
		CFC18019245E18B3007C756A /* Info.plist */ = {isa = PBXFileReference; lastKnownFileType = text.plist.xml; path = Info.plist; sourceTree = "<group>"; };
		CFC1801E245E18B3007C756A /* BabyTrackerTests.xctest */ = {isa = PBXFileReference; explicitFileType = wrapper.cfbundle; includeInIndex = 0; path = BabyTrackerTests.xctest; sourceTree = BUILT_PRODUCTS_DIR; };
		CFC18022245E18B3007C756A /* BabyTrackerTests.swift */ = {isa = PBXFileReference; lastKnownFileType = sourcecode.swift; path = BabyTrackerTests.swift; sourceTree = "<group>"; };
		CFC18024245E18B3007C756A /* Info.plist */ = {isa = PBXFileReference; lastKnownFileType = text.plist.xml; path = Info.plist; sourceTree = "<group>"; };
		CFC18032245E224E007C756A /* BabyEvent.swift */ = {isa = PBXFileReference; lastKnownFileType = sourcecode.swift; path = BabyEvent.swift; sourceTree = "<group>"; };
		CFCF4FEA2484653A0027CB98 /* readme.md */ = {isa = PBXFileReference; fileEncoding = 4; lastKnownFileType = net.daringfireball.markdown; path = readme.md; sourceTree = "<group>"; };
		CFD6F41E2487068200E7DAAD /* NewWindowView.swift */ = {isa = PBXFileReference; lastKnownFileType = sourcecode.swift; path = NewWindowView.swift; sourceTree = "<group>"; };
		CFD6F420248706A900E7DAAD /* BBLGSViewController.swift */ = {isa = PBXFileReference; lastKnownFileType = sourcecode.swift; path = BBLGSViewController.swift; sourceTree = "<group>"; };
		CFD6F42224870E6C00E7DAAD /* DocumentsView.swift */ = {isa = PBXFileReference; lastKnownFileType = sourcecode.swift; path = DocumentsView.swift; sourceTree = "<group>"; };
/* End PBXFileReference section */

/* Begin PBXFrameworksBuildPhase section */
		CFC18005245E18B1007C756A /* Frameworks */ = {
			isa = PBXFrameworksBuildPhase;
			buildActionMask = 2147483647;
			files = (
				CFC18031245E1EFF007C756A /* BabyModule in Frameworks */,
			);
			runOnlyForDeploymentPostprocessing = 0;
		};
		CFC1801B245E18B3007C756A /* Frameworks */ = {
			isa = PBXFrameworksBuildPhase;
			buildActionMask = 2147483647;
			files = (
			);
			runOnlyForDeploymentPostprocessing = 0;
		};
/* End PBXFrameworksBuildPhase section */

/* Begin PBXGroup section */
		CF402335249E65D100739641 /* Extensions */ = {
			isa = PBXGroup;
			children = (
				CF6A3257249F023E0046F370 /* Baby_Extensions.swift */,
				CF402336249E65E900739641 /* BabyLog_Extensions.swift */,
				CF40233A249E664F00739641 /* Codable_Extensions.swift */,
				CF402338249E663200739641 /* Date_Extensions.swift */,
				CF40233C249E669900739641 /* FileVersion_Extensions.swift */,
				CF40236A249EEC0100739641 /* MeasuredBabyEvent_Defaults.swift */,
				CF402361249EC79B00739641 /* MeasuredBabyEvent_Extensions.swift */,
				CF40233E249E66A500739641 /* Unit_Extensions.swift */,
				CF402354249E8EE400739641 /* View_Extensions.swift */,
				CF40236E249EF11600739641 /* ThemeColor_Options.swift */,
			);
			path = Extensions;
			sourceTree = "<group>";
		};
		CF402340249E6E2400739641 /* Formatters */ = {
			isa = PBXGroup;
			children = (
				CF402341249E6E7900739641 /* DateFormatters.swift */,
				CF402347249E6EA100739641 /* MeasurementFormatters.swift */,
				CF402345249E6E9200739641 /* PersonNameFormatters.swift */,
			);
			path = Formatters;
			sourceTree = "<group>";
		};
		CF402349249E8C9A00739641 /* Modifiers */ = {
			isa = PBXGroup;
			children = (
				CF402352249E8E5600739641 /* AppearDisabledModifier.swift */,
				CF40234A249E8CB000739641 /* HavNavBarModifier.swift */,
				CF402350249E8D8100739641 /* FloatingModifier.swift */,
				CF40234C249E8CBF00739641 /* ForcedGroupStyleModifier.swift */,
				CF40234E249E8CD000739641 /* ShadowModifier.swift */,
			);
			path = Modifiers;
			sourceTree = "<group>";
		};
		CF402356249E93CA00739641 /* Publishers */ = {
			isa = PBXGroup;
			children = (
				CFA0E0392498752F0095680B /* KeyboardResponder.swift */,
				CFAE0FD12493016100B52BF1 /* ObservableDate.swift */,
				CFAE0FE92493198800B52BF1 /* Ticker.swift */,
			);
			path = Publishers;
			sourceTree = "<group>";
		};
		CF402363249ED53000739641 /* Protocols */ = {
			isa = PBXGroup;
			children = (
				CF6A3263249F07830046F370 /* BabyErrorHandler */,
				CF402365249ED56000739641 /* BabyEvent */,
				CF402364249ED53A00739641 /* CardHeaderProvider */,
				CF8FC1E724A05FEA009AE094 /* LogPickerAction */,
				CF6A3277249F11C20046F370 /* LogPresenter */,
			);
			path = Protocols;
			sourceTree = "<group>";
		};
		CF402364249ED53A00739641 /* CardHeaderProvider */ = {
			isa = PBXGroup;
			children = (
				CF40235D249EC71C00739641 /* CardHeaderProvider.swift */,
				CF40235B249EC59000739641 /* BabyEventType_CardHeaderProvider.swift */,
				CF40235F249EC74100739641 /* FeedEventSource_CardHeaderProvider.swift */,
			);
			path = CardHeaderProvider;
			sourceTree = "<group>";
		};
		CF402365249ED56000739641 /* BabyEvent */ = {
			isa = PBXGroup;
			children = (
				CFC18032245E224E007C756A /* BabyEvent.swift */,
				CFAE0FE72493178800B52BF1 /* CustomEvent.swift */,
				CFAE0FDD249315BE00B52BF1 /* DiaperEvent.swift */,
				CF402366249ED56800739641 /* MeasuredBabyEvent */,
			);
			path = BabyEvent;
			sourceTree = "<group>";
		};
		CF402366249ED56800739641 /* MeasuredBabyEvent */ = {
			isa = PBXGroup;
			children = (
				CF402359249EB46200739641 /* MeasuredBabyEvent.swift */,
				CFAE0FDB2493159000B52BF1 /* FeedEvent.swift */,
				CFAE0FDF249315C900B52BF1 /* NapEvent.swift */,
				CFAE0FE5249315E700B52BF1 /* TummyTimeEvent.swift */,
				CFAE0FE1249315D300B52BF1 /* WeightEvent.swift */,
			);
			path = MeasuredBabyEvent;
			sourceTree = "<group>";
		};
		CF402367249ED57A00739641 /* Enums */ = {
			isa = PBXGroup;
			children = (
				CF6A325F249F075E0046F370 /* BabyError.swift */,
				CF402357249EB36F00739641 /* BabyEventType.swift */,
				CF6A3271249F10E40046F370 /* BrowserContext.swift */,
				CF6A327A249F12B30046F370 /* DocumentAction.swift */,
				CF402368249EEA5300739641 /* FeedEventSource.swift */,
				CF8FC1EB24A06035009AE094 /* LogPickerAction.swift */,
				CF6A3268249F09550046F370 /* UserActivityType.swift */,
			);
			path = Enums;
			sourceTree = "<group>";
		};
		CF6A3263249F07830046F370 /* BabyErrorHandler */ = {
			isa = PBXGroup;
			children = (
				CF6A3261249F077E0046F370 /* BabyErrorHandler.swift */,
				CF6A3264249F07DB0046F370 /* BBLGSViewController_BabyErrorHandler.swift */,
			);
			path = BabyErrorHandler;
			sourceTree = "<group>";
		};
		CF6A3266249F082F0046F370 /* BabyLog */ = {
			isa = PBXGroup;
			children = (
				CF90150F2486ABF000343F5C /* BabyLog.swift */,
				CF6A3259249F03B80046F370 /* BabyLogArchive.swift */,
				CF8FC1EE24A06225009AE094 /* BabyLogConflict.swift */,
				CF6A325D249F05F10046F370 /* BabyLog_EventStoreActions.swift */,
				CF6A325B249F059C0046F370 /* BabyEventStore.swift */,
			);
			path = BabyLog;
			sourceTree = "<group>";
		};
		CF6A3267249F08380046F370 /* Baby */ = {
			isa = PBXGroup;
			children = (
				CFAE0FCF2492CC2600B52BF1 /* Baby.swift */,
				CFAE0FCD2492C93400B52BF1 /* ThemeColor.swift */,
			);
			path = Baby;
			sourceTree = "<group>";
		};
		CF6A326A249F0D660046F370 /* BBLGSViewController */ = {
			isa = PBXGroup;
			children = (
				CFD6F420248706A900E7DAAD /* BBLGSViewController.swift */,
				CF8FC1F024A0624C009AE094 /* BBLGSViewController_Conflict.swift */,
				CF6A326F249F10790046F370 /* BBLGSViewController_DocumentBrowser.swift */,
				CF6A3278249F124B0046F370 /* BBLGSViewController_DocumentManager.swift */,
				CF6A326B249F0D7C0046F370 /* BBLGSViewController_Lifecycle.swift */,
				CF6A326D249F0EE20046F370 /* BBLGSViewController_Restoration.swift */,
			);
			path = BBLGSViewController;
			sourceTree = "<group>";
		};
		CF6A3277249F11C20046F370 /* LogPresenter */ = {
			isa = PBXGroup;
			children = (
				CF6A3273249F11AF0046F370 /* LogPresenter.swift */,
				CF6A3275249F11BD0046F370 /* BBLGSViewController_LogPresenter.swift */,
			);
			path = LogPresenter;
			sourceTree = "<group>";
		};
		CF6A327C249F18BA0046F370 /* DocumentBrowserViewController */ = {
			isa = PBXGroup;
			children = (
				CF90150D2486AADE00343F5C /* DocumentBrowserViewController.swift */,
				CF6A327D249F18E20046F370 /* DocumentBrowserViewController_BrowserDelegate.swift */,
			);
			path = DocumentBrowserViewController;
			sourceTree = "<group>";
		};
		CF6A3281249FD5D80046F370 /* BabyFormView */ = {
			isa = PBXGroup;
			children = (
				CF125D64249246B800E2908C /* BabyFormView.swift */,
				CF6A327F249FD5D30046F370 /* BabyFormView_FormContent.swift */,
				CF8FC1E524A05C43009AE094 /* BabyFormView_Validation.swift */,
			);
			path = BabyFormView;
			sourceTree = "<group>";
		};
		CF8FC1E724A05FEA009AE094 /* LogPickerAction */ = {
			isa = PBXGroup;
			children = (
			);
			path = LogPickerAction;
			sourceTree = "<group>";
		};
		CF8FC1EA24A0601F009AE094 /* DocumentsView */ = {
			isa = PBXGroup;
			children = (
				CFD6F42224870E6C00E7DAAD /* DocumentsView.swift */,
				CF8FC1E824A06005009AE094 /* DocumentsView_LogPickerAction.swift */,
			);
			path = DocumentsView;
			sourceTree = "<group>";
		};
		CF8FC1ED24A06213009AE094 /* ConflictResolution */ = {
			isa = PBXGroup;
			children = (
				CF8FC1F224A06329009AE094 /* FileVersionGroupSummary.swift */,
				CF8FC1F424A063A7009AE094 /* FileVersionList.swift */,
				CF8FC1F624A063E1009AE094 /* FileVersionInfoStack.swift */,
			);
			path = ConflictResolution;
			sourceTree = "<group>";
		};
		CF8FC1F824A065F8009AE094 /* DateSteppers */ = {
			isa = PBXGroup;
			children = (
				CFAE0FF924932B3E00B52BF1 /* DateStepperView.swift */,
				CFA0E03724982EAF0095680B /* TimeStepperView.swift */,
			);
			path = DateSteppers;
			sourceTree = "<group>";
		};
		CF8FC1FD24A18400009AE094 /* LogView */ = {
			isa = PBXGroup;
			children = (
				CFAE0FD92493076700B52BF1 /* LogView.swift */,
			);
			path = LogView;
			sourceTree = "<group>";
		};
		CF8FC1FE24A184B3009AE094 /* SummaryViews */ = {
			isa = PBXGroup;
			children = (
				CFAE0FFD249332DC00B52BF1 /* DiaperSummaryView.swift */,
				CF2B51D8249BDE880035A11F /* MeasuredEventFormView.swift */,
				CFA0E035249807B90095680B /* CustomEventFormView.swift */,
			);
			path = SummaryViews;
			sourceTree = "<group>";
		};
		CF8FC1FF24A18842009AE094 /* MeasurementStepperViews */ = {
			isa = PBXGroup;
			children = (
				CF2B51DA249C5D6F0035A11F /* MeasurementStepperView.swift */,
			);
			path = MeasurementStepperViews;
			sourceTree = "<group>";
		};
		CFAE0FED24931E0900B52BF1 /* UIApplication */ = {
			isa = PBXGroup;
			children = (
				CFC18016245E18B3007C756A /* LaunchScreen.storyboard */,
				CFC18019245E18B3007C756A /* Info.plist */,
				CFC18011245E18B3007C756A /* Assets.xcassets */,
				CFC1800B245E18B1007C756A /* AppDelegate.swift */,
				CFC1800D245E18B1007C756A /* SceneDelegate.swift */,
			);
			path = UIApplication;
			sourceTree = "<group>";
		};
		CFAE0FEE24931E1A00B52BF1 /* UIKit */ = {
			isa = PBXGroup;
			children = (
				CF6A326A249F0D660046F370 /* BBLGSViewController */,
				CF6A327C249F18BA0046F370 /* DocumentBrowserViewController */,
			);
			path = UIKit;
			sourceTree = "<group>";
		};
		CFAE0FEF24931E2500B52BF1 /* Views */ = {
			isa = PBXGroup;
			children = (
				CFAE0FD7249306B400B52BF1 /* AgeView.swift */,
				CF6A3281249FD5D80046F370 /* BabyFormView */,
				CFAE0FD52493067300B52BF1 /* BabyIconView.swift */,
				CFAE0FFF249336A800B52BF1 /* BabyInfoView.swift */,
				CFAE0FD32493064700B52BF1 /* BabyLogTabView.swift */,
				CF40236C249EEFBF00739641 /* CircleViews.swift */,
				CF8FC1EA24A0601F009AE094 /* DocumentsView */,
				CFD6F41E2487068200E7DAAD /* NewWindowView.swift */,
				CF125D6A249270BA00E2908C /* ConflictResolutionView.swift */,
				CF8FC1ED24A06213009AE094 /* ConflictResolution */,
				CF8FC1FD24A18400009AE094 /* LogView */,
				CF8FC1F824A065F8009AE094 /* DateSteppers */,
				CF8FC1FE24A184B3009AE094 /* SummaryViews */,
				CF8FC1FF24A18842009AE094 /* MeasurementStepperViews */,
			);
			path = Views;
			sourceTree = "<group>";
		};
		CFAE0FF024931E3000B52BF1 /* Models */ = {
			isa = PBXGroup;
			children = (
				CF6A3267249F08380046F370 /* Baby */,
				CF6A3266249F082F0046F370 /* BabyLog */,
				CF402367249ED57A00739641 /* Enums */,
			);
			path = Models;
			sourceTree = "<group>";
		};
		CFAE0FF124931EB900B52BF1 /* Helpers */ = {
			isa = PBXGroup;
			children = (
				CF402335249E65D100739641 /* Extensions */,
				CF402340249E6E2400739641 /* Formatters */,
				CF402356249E93CA00739641 /* Publishers */,
				CF402363249ED53000739641 /* Protocols */,
				CF402349249E8C9A00739641 /* Modifiers */,
			);
			path = Helpers;
			sourceTree = "<group>";
		};
		CFAE0FF524931FED00B52BF1 /* Templates */ = {
			isa = PBXGroup;
			children = (
				CF9015112486AC0300343F5C /* MyBabyLog.bblg */,
			);
			path = Templates;
			sourceTree = "<group>";
		};
		CFAE0FF62493201C00B52BF1 /* ProjectAssets */ = {
			isa = PBXGroup;
			children = (
				CF9015152486ACED00343F5C /* bblg_icon.png */,
			);
			path = ProjectAssets;
			sourceTree = "<group>";
		};
		CFC17FFF245E18B0007C756A = {
			isa = PBXGroup;
			children = (
				CF8FC1FB24A18293009AE094 /* .gitignore */,
				CFCF4FEA2484653A0027CB98 /* readme.md */,
				CFAE0FF62493201C00B52BF1 /* ProjectAssets */,
				CFC1800A245E18B1007C756A /* BabyTracker */,
				CFC18021245E18B3007C756A /* BabyTrackerTests */,
				CFC18009245E18B1007C756A /* Products */,
			);
			sourceTree = "<group>";
		};
		CFC18009245E18B1007C756A /* Products */ = {
			isa = PBXGroup;
			children = (
				CFC18008245E18B1007C756A /* PoopDeck.app */,
				CFC1801E245E18B3007C756A /* BabyTrackerTests.xctest */,
			);
			name = Products;
			sourceTree = "<group>";
		};
		CFC1800A245E18B1007C756A /* BabyTracker */ = {
			isa = PBXGroup;
			children = (
				CF38D2542467608D00EF6FC9 /* BabyTracker.entitlements */,
				CFAE0FF124931EB900B52BF1 /* Helpers */,
				CFAE0FF024931E3000B52BF1 /* Models */,
				CFAE0FED24931E0900B52BF1 /* UIApplication */,
				CFAE0FEE24931E1A00B52BF1 /* UIKit */,
				CFAE0FEF24931E2500B52BF1 /* Views */,
				CFAE0FF324931FD200B52BF1 /* SharedAssets.xcassets */,
				CFAE0FF524931FED00B52BF1 /* Templates */,
				CFC18013245E18B3007C756A /* Preview Content */,
			);
			path = BabyTracker;
			sourceTree = "<group>";
		};
		CFC18013245E18B3007C756A /* Preview Content */ = {
			isa = PBXGroup;
			children = (
				CFC18014245E18B3007C756A /* Preview Assets.xcassets */,
			);
			path = "Preview Content";
			sourceTree = "<group>";
		};
		CFC18021245E18B3007C756A /* BabyTrackerTests */ = {
			isa = PBXGroup;
			children = (
				CFC18022245E18B3007C756A /* BabyTrackerTests.swift */,
				CFC18024245E18B3007C756A /* Info.plist */,
			);
			path = BabyTrackerTests;
			sourceTree = "<group>";
		};
/* End PBXGroup section */

/* Begin PBXNativeTarget section */
		CFC18007245E18B1007C756A /* BabyTracker */ = {
			isa = PBXNativeTarget;
			buildConfigurationList = CFC18027245E18B3007C756A /* Build configuration list for PBXNativeTarget "BabyTracker" */;
			buildPhases = (
				CFC18004245E18B1007C756A /* Sources */,
				CFC18005245E18B1007C756A /* Frameworks */,
				CFC18006245E18B1007C756A /* Resources */,
			);
			buildRules = (
			);
			dependencies = (
			);
			name = BabyTracker;
			packageProductDependencies = (
				CFC18030245E1EFF007C756A /* BabyModule */,
			);
			productName = BabyTracker;
			productReference = CFC18008245E18B1007C756A /* PoopDeck.app */;
			productType = "com.apple.product-type.application";
		};
		CFC1801D245E18B3007C756A /* BabyTrackerTests */ = {
			isa = PBXNativeTarget;
			buildConfigurationList = CFC1802A245E18B3007C756A /* Build configuration list for PBXNativeTarget "BabyTrackerTests" */;
			buildPhases = (
				CFC1801A245E18B3007C756A /* Sources */,
				CFC1801B245E18B3007C756A /* Frameworks */,
				CFC1801C245E18B3007C756A /* Resources */,
			);
			buildRules = (
			);
			dependencies = (
				CFC18020245E18B3007C756A /* PBXTargetDependency */,
			);
			name = BabyTrackerTests;
			productName = BabyTrackerTests;
			productReference = CFC1801E245E18B3007C756A /* BabyTrackerTests.xctest */;
			productType = "com.apple.product-type.bundle.unit-test";
		};
/* End PBXNativeTarget section */

/* Begin PBXProject section */
		CFC18000245E18B0007C756A /* Project object */ = {
			isa = PBXProject;
			attributes = {
				LastSwiftUpdateCheck = 1130;
				LastUpgradeCheck = 1130;
				ORGANIZATIONNAME = "Calvin Chestnut";
				TargetAttributes = {
					CFC18007245E18B1007C756A = {
						CreatedOnToolsVersion = 11.3.1;
					};
					CFC1801D245E18B3007C756A = {
						CreatedOnToolsVersion = 11.3.1;
						TestTargetID = CFC18007245E18B1007C756A;
					};
				};
			};
			buildConfigurationList = CFC18003245E18B0007C756A /* Build configuration list for PBXProject "BabyTracker" */;
			compatibilityVersion = "Xcode 9.3";
			developmentRegion = en;
			hasScannedForEncodings = 0;
			knownRegions = (
				en,
				Base,
			);
			mainGroup = CFC17FFF245E18B0007C756A;
			packageReferences = (
				CFC1802F245E1EFF007C756A /* XCRemoteSwiftPackageReference "BabyChestnut" */,
			);
			productRefGroup = CFC18009245E18B1007C756A /* Products */;
			projectDirPath = "";
			projectRoot = "";
			targets = (
				CFC18007245E18B1007C756A /* BabyTracker */,
				CFC1801D245E18B3007C756A /* BabyTrackerTests */,
			);
		};
/* End PBXProject section */

/* Begin PBXResourcesBuildPhase section */
		CFC18006245E18B1007C756A /* Resources */ = {
			isa = PBXResourcesBuildPhase;
			buildActionMask = 2147483647;
			files = (
				CF8FC1FC24A18293009AE094 /* .gitignore in Resources */,
				CF9015162486ACED00343F5C /* bblg_icon.png in Resources */,
				CFC18018245E18B3007C756A /* LaunchScreen.storyboard in Resources */,
				CFC18015245E18B3007C756A /* Preview Assets.xcassets in Resources */,
				CFCF4FEB2484653A0027CB98 /* readme.md in Resources */,
				CFAE0FF424931FD200B52BF1 /* SharedAssets.xcassets in Resources */,
				CFC18012245E18B3007C756A /* Assets.xcassets in Resources */,
				CF9015122486AC0300343F5C /* MyBabyLog.bblg in Resources */,
			);
			runOnlyForDeploymentPostprocessing = 0;
		};
		CFC1801C245E18B3007C756A /* Resources */ = {
			isa = PBXResourcesBuildPhase;
			buildActionMask = 2147483647;
			files = (
			);
			runOnlyForDeploymentPostprocessing = 0;
		};
/* End PBXResourcesBuildPhase section */

/* Begin PBXSourcesBuildPhase section */
		CFC18004245E18B1007C756A /* Sources */ = {
			isa = PBXSourcesBuildPhase;
			buildActionMask = 2147483647;
			files = (
				CF6A3260249F075E0046F370 /* BabyError.swift in Sources */,
				CF6A3274249F11AF0046F370 /* LogPresenter.swift in Sources */,
				CF6A325C249F059C0046F370 /* BabyEventStore.swift in Sources */,
				CFAE0FEA2493198800B52BF1 /* Ticker.swift in Sources */,
				CFA0E03A2498752F0095680B /* KeyboardResponder.swift in Sources */,
				CFAE0FD22493016100B52BF1 /* ObservableDate.swift in Sources */,
				CF40234B249E8CB000739641 /* HavNavBarModifier.swift in Sources */,
				CF6A3270249F10790046F370 /* BBLGSViewController_DocumentBrowser.swift in Sources */,
				CF40235C249EC59000739641 /* BabyEventType_CardHeaderProvider.swift in Sources */,
				CFC1800C245E18B1007C756A /* AppDelegate.swift in Sources */,
				CFAE0FDC2493159000B52BF1 /* FeedEvent.swift in Sources */,
				CF125D65249246B800E2908C /* BabyFormView.swift in Sources */,
				CFAE0FD62493067300B52BF1 /* BabyIconView.swift in Sources */,
				CF90150E2486AADE00343F5C /* DocumentBrowserViewController.swift in Sources */,
				CF6A325E249F05F10046F370 /* BabyLog_EventStoreActions.swift in Sources */,
				CFAE0FD42493064700B52BF1 /* BabyLogTabView.swift in Sources */,
				CF8FC1E924A06005009AE094 /* DocumentsView_LogPickerAction.swift in Sources */,
				CFA0E036249807B90095680B /* CustomEventFormView.swift in Sources */,
				CF8FC1EF24A06225009AE094 /* BabyLogConflict.swift in Sources */,
				CF8FC1F124A0624C009AE094 /* BBLGSViewController_Conflict.swift in Sources */,
				CF40236D249EEFBF00739641 /* CircleViews.swift in Sources */,
				CFC1800E245E18B1007C756A /* SceneDelegate.swift in Sources */,
				CF6A3276249F11BD0046F370 /* BBLGSViewController_LogPresenter.swift in Sources */,
				CF8FC1F524A063A7009AE094 /* FileVersionList.swift in Sources */,
				CF6A327B249F12B30046F370 /* DocumentAction.swift in Sources */,
				CF125D6B249270BA00E2908C /* ConflictResolutionView.swift in Sources */,
				CFA0E03824982EAF0095680B /* TimeStepperView.swift in Sources */,
				CF6A3265249F07DB0046F370 /* BBLGSViewController_BabyErrorHandler.swift in Sources */,
				CF402353249E8E5600739641 /* AppearDisabledModifier.swift in Sources */,
				CF402358249EB36F00739641 /* BabyEventType.swift in Sources */,
				CF402355249E8EE400739641 /* View_Extensions.swift in Sources */,
				CF402362249EC79B00739641 /* MeasuredBabyEvent_Extensions.swift in Sources */,
				CF402360249EC74100739641 /* FeedEventSource_CardHeaderProvider.swift in Sources */,
				CF402351249E8D8100739641 /* FloatingModifier.swift in Sources */,
				CF402369249EEA5300739641 /* FeedEventSource.swift in Sources */,
				CF6A3280249FD5D30046F370 /* BabyFormView_FormContent.swift in Sources */,
				CFAE1000249336A800B52BF1 /* BabyInfoView.swift in Sources */,
				CFAE0FDE249315BE00B52BF1 /* DiaperEvent.swift in Sources */,
				CFAE0FDA2493076700B52BF1 /* LogView.swift in Sources */,
				CF402348249E6EA100739641 /* MeasurementFormatters.swift in Sources */,
				CF40236B249EEC0100739641 /* MeasuredBabyEvent_Defaults.swift in Sources */,
				CF6A327E249F18E20046F370 /* DocumentBrowserViewController_BrowserDelegate.swift in Sources */,
				CF6A326C249F0D7C0046F370 /* BBLGSViewController_Lifecycle.swift in Sources */,
				CF2B51DB249C5D6F0035A11F /* MeasurementStepperView.swift in Sources */,
				CF402342249E6E7900739641 /* DateFormatters.swift in Sources */,
				CFAE0FD02492CC2600B52BF1 /* Baby.swift in Sources */,
				CFAE0FFA24932B3E00B52BF1 /* DateStepperView.swift in Sources */,
				CF40233D249E669900739641 /* FileVersion_Extensions.swift in Sources */,
				CF402337249E65E900739641 /* BabyLog_Extensions.swift in Sources */,
				CFD6F421248706A900E7DAAD /* BBLGSViewController.swift in Sources */,
				CF2B51D9249BDE880035A11F /* MeasuredEventFormView.swift in Sources */,
				CF6A3279249F124B0046F370 /* BBLGSViewController_DocumentManager.swift in Sources */,
				CF402346249E6E9200739641 /* PersonNameFormatters.swift in Sources */,
				CFAE0FE6249315E700B52BF1 /* TummyTimeEvent.swift in Sources */,
				CF40233B249E664F00739641 /* Codable_Extensions.swift in Sources */,
				CF8FC1E624A05C43009AE094 /* BabyFormView_Validation.swift in Sources */,
				CFD6F41F2487068200E7DAAD /* NewWindowView.swift in Sources */,
				CF40234D249E8CBF00739641 /* ForcedGroupStyleModifier.swift in Sources */,
				CF40234F249E8CD000739641 /* ShadowModifier.swift in Sources */,
				CF8FC1F724A063E1009AE094 /* FileVersionInfoStack.swift in Sources */,
				CF40235A249EB46200739641 /* MeasuredBabyEvent.swift in Sources */,
				CFAE0FFE249332DC00B52BF1 /* DiaperSummaryView.swift in Sources */,
				CF6A325A249F03B80046F370 /* BabyLogArchive.swift in Sources */,
				CFAE0FE0249315C900B52BF1 /* NapEvent.swift in Sources */,
				CF40235E249EC71C00739641 /* CardHeaderProvider.swift in Sources */,
				CF6A3258249F023E0046F370 /* Baby_Extensions.swift in Sources */,
				CFAE0FE82493178800B52BF1 /* CustomEvent.swift in Sources */,
				CF402339249E663200739641 /* Date_Extensions.swift in Sources */,
				CF6A3272249F10E40046F370 /* BrowserContext.swift in Sources */,
				CFAE0FE2249315D300B52BF1 /* WeightEvent.swift in Sources */,
				CF6A326E249F0EE20046F370 /* BBLGSViewController_Restoration.swift in Sources */,
				CF8FC1F324A06329009AE094 /* FileVersionGroupSummary.swift in Sources */,
				CF8FC1EC24A06035009AE094 /* LogPickerAction.swift in Sources */,
				CFD6F42324870E6C00E7DAAD /* DocumentsView.swift in Sources */,
				CFAE0FCE2492C93400B52BF1 /* ThemeColor.swift in Sources */,
				CF9015102486ABF100343F5C /* BabyLog.swift in Sources */,
				CF40233F249E66A500739641 /* Unit_Extensions.swift in Sources */,
				CF6A3262249F077E0046F370 /* BabyErrorHandler.swift in Sources */,
				CFC18033245E224E007C756A /* BabyEvent.swift in Sources */,
				CFAE0FD8249306B400B52BF1 /* AgeView.swift in Sources */,
				CF40236F249EF11600739641 /* ThemeColor_Options.swift in Sources */,
				CF6A3269249F09550046F370 /* UserActivityType.swift in Sources */,
			);
			runOnlyForDeploymentPostprocessing = 0;
		};
		CFC1801A245E18B3007C756A /* Sources */ = {
			isa = PBXSourcesBuildPhase;
			buildActionMask = 2147483647;
			files = (
				CFC18023245E18B3007C756A /* BabyTrackerTests.swift in Sources */,
			);
			runOnlyForDeploymentPostprocessing = 0;
		};
/* End PBXSourcesBuildPhase section */

/* Begin PBXTargetDependency section */
		CFC18020245E18B3007C756A /* PBXTargetDependency */ = {
			isa = PBXTargetDependency;
			target = CFC18007245E18B1007C756A /* BabyTracker */;
			targetProxy = CFC1801F245E18B3007C756A /* PBXContainerItemProxy */;
		};
/* End PBXTargetDependency section */

/* Begin PBXVariantGroup section */
		CFC18016245E18B3007C756A /* LaunchScreen.storyboard */ = {
			isa = PBXVariantGroup;
			children = (
				CFC18017245E18B3007C756A /* Base */,
			);
			name = LaunchScreen.storyboard;
			sourceTree = "<group>";
		};
/* End PBXVariantGroup section */

/* Begin XCBuildConfiguration section */
		CFC18025245E18B3007C756A /* Debug */ = {
			isa = XCBuildConfiguration;
			buildSettings = {
				ALWAYS_SEARCH_USER_PATHS = NO;
				CLANG_ANALYZER_NONNULL = YES;
				CLANG_ANALYZER_NUMBER_OBJECT_CONVERSION = YES_AGGRESSIVE;
				CLANG_CXX_LANGUAGE_STANDARD = "gnu++14";
				CLANG_CXX_LIBRARY = "libc++";
				CLANG_ENABLE_MODULES = YES;
				CLANG_ENABLE_OBJC_ARC = YES;
				CLANG_ENABLE_OBJC_WEAK = YES;
				CLANG_WARN_BLOCK_CAPTURE_AUTORELEASING = YES;
				CLANG_WARN_BOOL_CONVERSION = YES;
				CLANG_WARN_COMMA = YES;
				CLANG_WARN_CONSTANT_CONVERSION = YES;
				CLANG_WARN_DEPRECATED_OBJC_IMPLEMENTATIONS = YES;
				CLANG_WARN_DIRECT_OBJC_ISA_USAGE = YES_ERROR;
				CLANG_WARN_DOCUMENTATION_COMMENTS = YES;
				CLANG_WARN_EMPTY_BODY = YES;
				CLANG_WARN_ENUM_CONVERSION = YES;
				CLANG_WARN_INFINITE_RECURSION = YES;
				CLANG_WARN_INT_CONVERSION = YES;
				CLANG_WARN_NON_LITERAL_NULL_CONVERSION = YES;
				CLANG_WARN_OBJC_IMPLICIT_RETAIN_SELF = YES;
				CLANG_WARN_OBJC_LITERAL_CONVERSION = YES;
				CLANG_WARN_OBJC_ROOT_CLASS = YES_ERROR;
				CLANG_WARN_RANGE_LOOP_ANALYSIS = YES;
				CLANG_WARN_STRICT_PROTOTYPES = YES;
				CLANG_WARN_SUSPICIOUS_MOVE = YES;
				CLANG_WARN_UNGUARDED_AVAILABILITY = YES_AGGRESSIVE;
				CLANG_WARN_UNREACHABLE_CODE = YES;
				CLANG_WARN__DUPLICATE_METHOD_MATCH = YES;
				COPY_PHASE_STRIP = NO;
				DEBUG_INFORMATION_FORMAT = dwarf;
				ENABLE_STRICT_OBJC_MSGSEND = YES;
				ENABLE_TESTABILITY = YES;
				GCC_C_LANGUAGE_STANDARD = gnu11;
				GCC_DYNAMIC_NO_PIC = NO;
				GCC_NO_COMMON_BLOCKS = YES;
				GCC_OPTIMIZATION_LEVEL = 0;
				GCC_PREPROCESSOR_DEFINITIONS = (
					"DEBUG=1",
					"$(inherited)",
				);
				GCC_WARN_64_TO_32_BIT_CONVERSION = YES;
				GCC_WARN_ABOUT_RETURN_TYPE = YES_ERROR;
				GCC_WARN_UNDECLARED_SELECTOR = YES;
				GCC_WARN_UNINITIALIZED_AUTOS = YES_AGGRESSIVE;
				GCC_WARN_UNUSED_FUNCTION = YES;
				GCC_WARN_UNUSED_VARIABLE = YES;
				IPHONEOS_DEPLOYMENT_TARGET = 13.2;
				MTL_ENABLE_DEBUG_INFO = INCLUDE_SOURCE;
				MTL_FAST_MATH = YES;
				ONLY_ACTIVE_ARCH = YES;
				SDKROOT = iphoneos;
				SWIFT_ACTIVE_COMPILATION_CONDITIONS = DEBUG;
				SWIFT_OPTIMIZATION_LEVEL = "-Onone";
			};
			name = Debug;
		};
		CFC18026245E18B3007C756A /* Release */ = {
			isa = XCBuildConfiguration;
			buildSettings = {
				ALWAYS_SEARCH_USER_PATHS = NO;
				CLANG_ANALYZER_NONNULL = YES;
				CLANG_ANALYZER_NUMBER_OBJECT_CONVERSION = YES_AGGRESSIVE;
				CLANG_CXX_LANGUAGE_STANDARD = "gnu++14";
				CLANG_CXX_LIBRARY = "libc++";
				CLANG_ENABLE_MODULES = YES;
				CLANG_ENABLE_OBJC_ARC = YES;
				CLANG_ENABLE_OBJC_WEAK = YES;
				CLANG_WARN_BLOCK_CAPTURE_AUTORELEASING = YES;
				CLANG_WARN_BOOL_CONVERSION = YES;
				CLANG_WARN_COMMA = YES;
				CLANG_WARN_CONSTANT_CONVERSION = YES;
				CLANG_WARN_DEPRECATED_OBJC_IMPLEMENTATIONS = YES;
				CLANG_WARN_DIRECT_OBJC_ISA_USAGE = YES_ERROR;
				CLANG_WARN_DOCUMENTATION_COMMENTS = YES;
				CLANG_WARN_EMPTY_BODY = YES;
				CLANG_WARN_ENUM_CONVERSION = YES;
				CLANG_WARN_INFINITE_RECURSION = YES;
				CLANG_WARN_INT_CONVERSION = YES;
				CLANG_WARN_NON_LITERAL_NULL_CONVERSION = YES;
				CLANG_WARN_OBJC_IMPLICIT_RETAIN_SELF = YES;
				CLANG_WARN_OBJC_LITERAL_CONVERSION = YES;
				CLANG_WARN_OBJC_ROOT_CLASS = YES_ERROR;
				CLANG_WARN_RANGE_LOOP_ANALYSIS = YES;
				CLANG_WARN_STRICT_PROTOTYPES = YES;
				CLANG_WARN_SUSPICIOUS_MOVE = YES;
				CLANG_WARN_UNGUARDED_AVAILABILITY = YES_AGGRESSIVE;
				CLANG_WARN_UNREACHABLE_CODE = YES;
				CLANG_WARN__DUPLICATE_METHOD_MATCH = YES;
				COPY_PHASE_STRIP = NO;
				DEBUG_INFORMATION_FORMAT = "dwarf-with-dsym";
				ENABLE_NS_ASSERTIONS = NO;
				ENABLE_STRICT_OBJC_MSGSEND = YES;
				GCC_C_LANGUAGE_STANDARD = gnu11;
				GCC_NO_COMMON_BLOCKS = YES;
				GCC_WARN_64_TO_32_BIT_CONVERSION = YES;
				GCC_WARN_ABOUT_RETURN_TYPE = YES_ERROR;
				GCC_WARN_UNDECLARED_SELECTOR = YES;
				GCC_WARN_UNINITIALIZED_AUTOS = YES_AGGRESSIVE;
				GCC_WARN_UNUSED_FUNCTION = YES;
				GCC_WARN_UNUSED_VARIABLE = YES;
				IPHONEOS_DEPLOYMENT_TARGET = 13.2;
				MTL_ENABLE_DEBUG_INFO = NO;
				MTL_FAST_MATH = YES;
				SDKROOT = iphoneos;
				SWIFT_COMPILATION_MODE = wholemodule;
				SWIFT_OPTIMIZATION_LEVEL = "-O";
				VALIDATE_PRODUCT = YES;
			};
			name = Release;
		};
		CFC18028245E18B3007C756A /* Debug */ = {
			isa = XCBuildConfiguration;
			buildSettings = {
				ASSETCATALOG_COMPILER_APPICON_NAME = AppIcon;
				CODE_SIGN_ENTITLEMENTS = BabyTracker/BabyTracker.entitlements;
				CODE_SIGN_IDENTITY = "Apple Development";
				"CODE_SIGN_IDENTITY[sdk=macosx*]" = "Apple Development";
				CODE_SIGN_STYLE = Automatic;
				DEVELOPMENT_ASSET_PATHS = "\"BabyTracker/Preview Content\"";
				DEVELOPMENT_TEAM = 6SEG2H9AQV;
				ENABLE_PREVIEWS = YES;
				INFOPLIST_FILE = BabyTracker/UIApplication/Info.plist;
				IPHONEOS_DEPLOYMENT_TARGET = 13.5;
				LD_RUNPATH_SEARCH_PATHS = (
					"$(inherited)",
					"@executable_path/Frameworks",
				);
				PRODUCT_BUNDLE_IDENTIFIER = com.chestnut.BabyTracker;
				PRODUCT_NAME = PoopDeck;
				PROVISIONING_PROFILE_SPECIFIER = "";
				"PROVISIONING_PROFILE_SPECIFIER[sdk=macosx*]" = "";
				SUPPORTS_MACCATALYST = NO;
				SWIFT_VERSION = 5.0;
				TARGETED_DEVICE_FAMILY = 1;
			};
			name = Debug;
		};
		CFC18029245E18B3007C756A /* Release */ = {
			isa = XCBuildConfiguration;
			buildSettings = {
				ASSETCATALOG_COMPILER_APPICON_NAME = AppIcon;
				CODE_SIGN_ENTITLEMENTS = BabyTracker/BabyTracker.entitlements;
				CODE_SIGN_IDENTITY = "Apple Development";
				"CODE_SIGN_IDENTITY[sdk=macosx*]" = "Apple Development";
				CODE_SIGN_STYLE = Automatic;
				DEVELOPMENT_ASSET_PATHS = "\"BabyTracker/Preview Content\"";
				DEVELOPMENT_TEAM = 6SEG2H9AQV;
				ENABLE_PREVIEWS = YES;
				INFOPLIST_FILE = BabyTracker/UIApplication/Info.plist;
				IPHONEOS_DEPLOYMENT_TARGET = 13.5;
				LD_RUNPATH_SEARCH_PATHS = (
					"$(inherited)",
					"@executable_path/Frameworks",
				);
				PRODUCT_BUNDLE_IDENTIFIER = com.chestnut.BabyTracker;
				PRODUCT_NAME = PoopDeck;
				PROVISIONING_PROFILE_SPECIFIER = "";
				"PROVISIONING_PROFILE_SPECIFIER[sdk=macosx*]" = "";
				SUPPORTS_MACCATALYST = NO;
				SWIFT_VERSION = 5.0;
				TARGETED_DEVICE_FAMILY = 1;
			};
			name = Release;
		};
		CFC1802B245E18B3007C756A /* Debug */ = {
			isa = XCBuildConfiguration;
			buildSettings = {
				ALWAYS_EMBED_SWIFT_STANDARD_LIBRARIES = YES;
				BUNDLE_LOADER = "$(TEST_HOST)";
				CODE_SIGN_STYLE = Automatic;
				DEVELOPMENT_TEAM = 6SEG2H9AQV;
				INFOPLIST_FILE = BabyTrackerTests/Info.plist;
				IPHONEOS_DEPLOYMENT_TARGET = 13.2;
				LD_RUNPATH_SEARCH_PATHS = (
					"$(inherited)",
					"@executable_path/Frameworks",
					"@loader_path/Frameworks",
				);
				PRODUCT_BUNDLE_IDENTIFIER = com.chestnut.BabyTrackerTests;
				PRODUCT_NAME = "$(TARGET_NAME)";
				SWIFT_VERSION = 5.0;
				TARGETED_DEVICE_FAMILY = "1,2";
				TEST_HOST = "$(BUILT_PRODUCTS_DIR)/BabyTracker.app/BabyTracker";
			};
			name = Debug;
		};
		CFC1802C245E18B3007C756A /* Release */ = {
			isa = XCBuildConfiguration;
			buildSettings = {
				ALWAYS_EMBED_SWIFT_STANDARD_LIBRARIES = YES;
				BUNDLE_LOADER = "$(TEST_HOST)";
				CODE_SIGN_STYLE = Automatic;
				DEVELOPMENT_TEAM = 6SEG2H9AQV;
				INFOPLIST_FILE = BabyTrackerTests/Info.plist;
				IPHONEOS_DEPLOYMENT_TARGET = 13.2;
				LD_RUNPATH_SEARCH_PATHS = (
					"$(inherited)",
					"@executable_path/Frameworks",
					"@loader_path/Frameworks",
				);
				PRODUCT_BUNDLE_IDENTIFIER = com.chestnut.BabyTrackerTests;
				PRODUCT_NAME = "$(TARGET_NAME)";
				SWIFT_VERSION = 5.0;
				TARGETED_DEVICE_FAMILY = "1,2";
				TEST_HOST = "$(BUILT_PRODUCTS_DIR)/BabyTracker.app/BabyTracker";
			};
			name = Release;
		};
/* End XCBuildConfiguration section */

/* Begin XCConfigurationList section */
		CFC18003245E18B0007C756A /* Build configuration list for PBXProject "BabyTracker" */ = {
			isa = XCConfigurationList;
			buildConfigurations = (
				CFC18025245E18B3007C756A /* Debug */,
				CFC18026245E18B3007C756A /* Release */,
			);
			defaultConfigurationIsVisible = 0;
			defaultConfigurationName = Release;
		};
		CFC18027245E18B3007C756A /* Build configuration list for PBXNativeTarget "BabyTracker" */ = {
			isa = XCConfigurationList;
			buildConfigurations = (
				CFC18028245E18B3007C756A /* Debug */,
				CFC18029245E18B3007C756A /* Release */,
			);
			defaultConfigurationIsVisible = 0;
			defaultConfigurationName = Release;
		};
		CFC1802A245E18B3007C756A /* Build configuration list for PBXNativeTarget "BabyTrackerTests" */ = {
			isa = XCConfigurationList;
			buildConfigurations = (
				CFC1802B245E18B3007C756A /* Debug */,
				CFC1802C245E18B3007C756A /* Release */,
			);
			defaultConfigurationIsVisible = 0;
			defaultConfigurationName = Release;
		};
/* End XCConfigurationList section */

/* Begin XCRemoteSwiftPackageReference section */
		CFC1802F245E1EFF007C756A /* XCRemoteSwiftPackageReference "BabyChestnut" */ = {
			isa = XCRemoteSwiftPackageReference;
			repositoryURL = "https://github.com/calvinchestnut/BabyChestnut.git";
			requirement = {
				branch = master;
				kind = branch;
			};
		};
/* End XCRemoteSwiftPackageReference section */

/* Begin XCSwiftPackageProductDependency section */
		CFC18030245E1EFF007C756A /* BabyModule */ = {
			isa = XCSwiftPackageProductDependency;
			package = CFC1802F245E1EFF007C756A /* XCRemoteSwiftPackageReference "BabyChestnut" */;
			productName = BabyModule;
		};
/* End XCSwiftPackageProductDependency section */
	};
	rootObject = CFC18000245E18B0007C756A /* Project object */;
}
