// !$*UTF8*$!
{
	archiveVersion = 1;
	classes = {
	};
	objectVersion = 52;
	objects = {

/* Begin PBXBuildFile section */
		CF125D65249246B800E2908C /* NewBabyFormView.swift in Sources */ = {isa = PBXBuildFile; fileRef = CF125D64249246B800E2908C /* NewBabyFormView.swift */; };
		CF125D6724924E3C00E2908C /* ViewModifiers.swift in Sources */ = {isa = PBXBuildFile; fileRef = CF125D6624924E3C00E2908C /* ViewModifiers.swift */; };
		CF125D6924926FEB00E2908C /* Errors.swift in Sources */ = {isa = PBXBuildFile; fileRef = CF125D6824926FEB00E2908C /* Errors.swift */; };
		CF125D6B249270BA00E2908C /* ConflictResolutionViews.swift in Sources */ = {isa = PBXBuildFile; fileRef = CF125D6A249270BA00E2908C /* ConflictResolutionViews.swift */; };
		CF2B51D9249BDE880035A11F /* MeasuredEventFormView.swift in Sources */ = {isa = PBXBuildFile; fileRef = CF2B51D8249BDE880035A11F /* MeasuredEventFormView.swift */; };
		CF2B51DB249C5D6F0035A11F /* MeasurementStepperView.swift in Sources */ = {isa = PBXBuildFile; fileRef = CF2B51DA249C5D6F0035A11F /* MeasurementStepperView.swift */; };
		CF90150E2486AADE00343F5C /* DocumentBrowserViewController.swift in Sources */ = {isa = PBXBuildFile; fileRef = CF90150D2486AADE00343F5C /* DocumentBrowserViewController.swift */; };
		CF9015102486ABF100343F5C /* BabyLog.swift in Sources */ = {isa = PBXBuildFile; fileRef = CF90150F2486ABF000343F5C /* BabyLog.swift */; };
		CF9015122486AC0300343F5C /* MyBabyLog.bblg in Resources */ = {isa = PBXBuildFile; fileRef = CF9015112486AC0300343F5C /* MyBabyLog.bblg */; };
		CF9015162486ACED00343F5C /* bblg_icon.png in Resources */ = {isa = PBXBuildFile; fileRef = CF9015152486ACED00343F5C /* bblg_icon.png */; };
		CFA0E036249807B90095680B /* CustomEventFormView.swift in Sources */ = {isa = PBXBuildFile; fileRef = CFA0E035249807B90095680B /* CustomEventFormView.swift */; };
		CFA0E03824982EAF0095680B /* TimeStepperView.swift in Sources */ = {isa = PBXBuildFile; fileRef = CFA0E03724982EAF0095680B /* TimeStepperView.swift */; };
		CFA0E03A2498752F0095680B /* KeyboardResponder.swift in Sources */ = {isa = PBXBuildFile; fileRef = CFA0E0392498752F0095680B /* KeyboardResponder.swift */; };
		CFAE0FCE2492C93400B52BF1 /* PreferredColor.swift in Sources */ = {isa = PBXBuildFile; fileRef = CFAE0FCD2492C93400B52BF1 /* PreferredColor.swift */; };
		CFAE0FD02492CC2600B52BF1 /* Baby.swift in Sources */ = {isa = PBXBuildFile; fileRef = CFAE0FCF2492CC2600B52BF1 /* Baby.swift */; };
		CFAE0FD22493016100B52BF1 /* ObservableDate.swift in Sources */ = {isa = PBXBuildFile; fileRef = CFAE0FD12493016100B52BF1 /* ObservableDate.swift */; };
		CFAE0FD42493064700B52BF1 /* BabyPickerView.swift in Sources */ = {isa = PBXBuildFile; fileRef = CFAE0FD32493064700B52BF1 /* BabyPickerView.swift */; };
		CFAE0FD62493067300B52BF1 /* BabyIconView.swift in Sources */ = {isa = PBXBuildFile; fileRef = CFAE0FD52493067300B52BF1 /* BabyIconView.swift */; };
		CFAE0FD8249306B400B52BF1 /* AgeView.swift in Sources */ = {isa = PBXBuildFile; fileRef = CFAE0FD7249306B400B52BF1 /* AgeView.swift */; };
		CFAE0FDA2493076700B52BF1 /* LogView.swift in Sources */ = {isa = PBXBuildFile; fileRef = CFAE0FD92493076700B52BF1 /* LogView.swift */; };
		CFAE0FDC2493159000B52BF1 /* FeedEvent.swift in Sources */ = {isa = PBXBuildFile; fileRef = CFAE0FDB2493159000B52BF1 /* FeedEvent.swift */; };
		CFAE0FDE249315BE00B52BF1 /* DiaperEvent.swift in Sources */ = {isa = PBXBuildFile; fileRef = CFAE0FDD249315BE00B52BF1 /* DiaperEvent.swift */; };
		CFAE0FE0249315C900B52BF1 /* NapEvent.swift in Sources */ = {isa = PBXBuildFile; fileRef = CFAE0FDF249315C900B52BF1 /* NapEvent.swift */; };
		CFAE0FE2249315D300B52BF1 /* WeightEvent.swift in Sources */ = {isa = PBXBuildFile; fileRef = CFAE0FE1249315D300B52BF1 /* WeightEvent.swift */; };
		CFAE0FE4249315DD00B52BF1 /* FussEvent.swift in Sources */ = {isa = PBXBuildFile; fileRef = CFAE0FE3249315DD00B52BF1 /* FussEvent.swift */; };
		CFAE0FE6249315E700B52BF1 /* TummyTimeEvent.swift in Sources */ = {isa = PBXBuildFile; fileRef = CFAE0FE5249315E700B52BF1 /* TummyTimeEvent.swift */; };
		CFAE0FE82493178800B52BF1 /* CustomEvent.swift in Sources */ = {isa = PBXBuildFile; fileRef = CFAE0FE72493178800B52BF1 /* CustomEvent.swift */; };
		CFAE0FEA2493198800B52BF1 /* TickPublisher.swift in Sources */ = {isa = PBXBuildFile; fileRef = CFAE0FE92493198800B52BF1 /* TickPublisher.swift */; };
		CFAE0FEC24931A3800B52BF1 /* Formatters.swift in Sources */ = {isa = PBXBuildFile; fileRef = CFAE0FEB24931A3800B52BF1 /* Formatters.swift */; };
		CFAE0FF424931FD200B52BF1 /* SharedAssets.xcassets in Resources */ = {isa = PBXBuildFile; fileRef = CFAE0FF324931FD200B52BF1 /* SharedAssets.xcassets */; };
		CFAE0FFA24932B3E00B52BF1 /* DateStepperView.swift in Sources */ = {isa = PBXBuildFile; fileRef = CFAE0FF924932B3E00B52BF1 /* DateStepperView.swift */; };
		CFAE0FFC24932E8200B52BF1 /* CustomEventView.swift in Sources */ = {isa = PBXBuildFile; fileRef = CFAE0FFB24932E8200B52BF1 /* CustomEventView.swift */; };
		CFAE0FFE249332DC00B52BF1 /* DiaperSummaryView.swift in Sources */ = {isa = PBXBuildFile; fileRef = CFAE0FFD249332DC00B52BF1 /* DiaperSummaryView.swift */; };
		CFAE1000249336A800B52BF1 /* BabyInfoView.swift in Sources */ = {isa = PBXBuildFile; fileRef = CFAE0FFF249336A800B52BF1 /* BabyInfoView.swift */; };
		CFAE10022493387C00B52BF1 /* MeasuredEventSummaryView.swift in Sources */ = {isa = PBXBuildFile; fileRef = CFAE10012493387C00B52BF1 /* MeasuredEventSummaryView.swift */; };
		CFC1800C245E18B1007C756A /* AppDelegate.swift in Sources */ = {isa = PBXBuildFile; fileRef = CFC1800B245E18B1007C756A /* AppDelegate.swift */; };
		CFC1800E245E18B1007C756A /* SceneDelegate.swift in Sources */ = {isa = PBXBuildFile; fileRef = CFC1800D245E18B1007C756A /* SceneDelegate.swift */; };
		CFC18010245E18B1007C756A /* NewEventTypeSelectorView.swift in Sources */ = {isa = PBXBuildFile; fileRef = CFC1800F245E18B1007C756A /* NewEventTypeSelectorView.swift */; };
		CFC18012245E18B3007C756A /* Assets.xcassets in Resources */ = {isa = PBXBuildFile; fileRef = CFC18011245E18B3007C756A /* Assets.xcassets */; };
		CFC18015245E18B3007C756A /* Preview Assets.xcassets in Resources */ = {isa = PBXBuildFile; fileRef = CFC18014245E18B3007C756A /* Preview Assets.xcassets */; };
		CFC18018245E18B3007C756A /* LaunchScreen.storyboard in Resources */ = {isa = PBXBuildFile; fileRef = CFC18016245E18B3007C756A /* LaunchScreen.storyboard */; };
		CFC18023245E18B3007C756A /* BabyTrackerTests.swift in Sources */ = {isa = PBXBuildFile; fileRef = CFC18022245E18B3007C756A /* BabyTrackerTests.swift */; };
		CFC1802E245E1A86007C756A /* Extensions.swift in Sources */ = {isa = PBXBuildFile; fileRef = CFC1802D245E1A86007C756A /* Extensions.swift */; };
		CFC18031245E1EFF007C756A /* BabyModule in Frameworks */ = {isa = PBXBuildFile; productRef = CFC18030245E1EFF007C756A /* BabyModule */; };
		CFC18033245E224E007C756A /* BabyEvent.swift in Sources */ = {isa = PBXBuildFile; fileRef = CFC18032245E224E007C756A /* BabyEvent.swift */; };
		CFCF4FEB2484653A0027CB98 /* readme.md in Resources */ = {isa = PBXBuildFile; fileRef = CFCF4FEA2484653A0027CB98 /* readme.md */; };
		CFD6F41F2487068200E7DAAD /* NewWindowView.swift in Sources */ = {isa = PBXBuildFile; fileRef = CFD6F41E2487068200E7DAAD /* NewWindowView.swift */; };
		CFD6F421248706A900E7DAAD /* BBLGSSViewController.swift in Sources */ = {isa = PBXBuildFile; fileRef = CFD6F420248706A900E7DAAD /* BBLGSSViewController.swift */; };
		CFD6F42324870E6C00E7DAAD /* DocumentsView.swift in Sources */ = {isa = PBXBuildFile; fileRef = CFD6F42224870E6C00E7DAAD /* DocumentsView.swift */; };
/* End PBXBuildFile section */

/* Begin PBXContainerItemProxy section */
		CFC1801F245E18B3007C756A /* PBXContainerItemProxy */ = {
			isa = PBXContainerItemProxy;
			containerPortal = CFC18000245E18B0007C756A /* Project object */;
			proxyType = 1;
			remoteGlobalIDString = CFC18007245E18B1007C756A;
			remoteInfo = BabyTracker;
		};
/* End PBXContainerItemProxy section */

/* Begin PBXFileReference section */
		CF125D64249246B800E2908C /* NewBabyFormView.swift */ = {isa = PBXFileReference; lastKnownFileType = sourcecode.swift; path = NewBabyFormView.swift; sourceTree = "<group>"; };
		CF125D6624924E3C00E2908C /* ViewModifiers.swift */ = {isa = PBXFileReference; lastKnownFileType = sourcecode.swift; path = ViewModifiers.swift; sourceTree = "<group>"; };
		CF125D6824926FEB00E2908C /* Errors.swift */ = {isa = PBXFileReference; lastKnownFileType = sourcecode.swift; path = Errors.swift; sourceTree = "<group>"; };
		CF125D6A249270BA00E2908C /* ConflictResolutionViews.swift */ = {isa = PBXFileReference; lastKnownFileType = sourcecode.swift; path = ConflictResolutionViews.swift; sourceTree = "<group>"; };
		CF2B51D8249BDE880035A11F /* MeasuredEventFormView.swift */ = {isa = PBXFileReference; lastKnownFileType = sourcecode.swift; path = MeasuredEventFormView.swift; sourceTree = "<group>"; };
		CF2B51DA249C5D6F0035A11F /* MeasurementStepperView.swift */ = {isa = PBXFileReference; lastKnownFileType = sourcecode.swift; path = MeasurementStepperView.swift; sourceTree = "<group>"; };
		CF38D2542467608D00EF6FC9 /* BabyTracker.entitlements */ = {isa = PBXFileReference; lastKnownFileType = text.plist.entitlements; path = BabyTracker.entitlements; sourceTree = "<group>"; };
		CF90150D2486AADE00343F5C /* DocumentBrowserViewController.swift */ = {isa = PBXFileReference; lastKnownFileType = sourcecode.swift; path = DocumentBrowserViewController.swift; sourceTree = "<group>"; };
		CF90150F2486ABF000343F5C /* BabyLog.swift */ = {isa = PBXFileReference; fileEncoding = 4; lastKnownFileType = sourcecode.swift; path = BabyLog.swift; sourceTree = "<group>"; };
		CF9015112486AC0300343F5C /* MyBabyLog.bblg */ = {isa = PBXFileReference; fileEncoding = 4; lastKnownFileType = text; path = MyBabyLog.bblg; sourceTree = "<group>"; };
		CF9015152486ACED00343F5C /* bblg_icon.png */ = {isa = PBXFileReference; lastKnownFileType = image.png; path = bblg_icon.png; sourceTree = "<group>"; };
		CFA0E035249807B90095680B /* CustomEventFormView.swift */ = {isa = PBXFileReference; lastKnownFileType = sourcecode.swift; path = CustomEventFormView.swift; sourceTree = "<group>"; };
		CFA0E03724982EAF0095680B /* TimeStepperView.swift */ = {isa = PBXFileReference; lastKnownFileType = sourcecode.swift; path = TimeStepperView.swift; sourceTree = "<group>"; };
		CFA0E0392498752F0095680B /* KeyboardResponder.swift */ = {isa = PBXFileReference; lastKnownFileType = sourcecode.swift; path = KeyboardResponder.swift; sourceTree = "<group>"; };
		CFAE0FCD2492C93400B52BF1 /* PreferredColor.swift */ = {isa = PBXFileReference; lastKnownFileType = sourcecode.swift; path = PreferredColor.swift; sourceTree = "<group>"; };
		CFAE0FCF2492CC2600B52BF1 /* Baby.swift */ = {isa = PBXFileReference; lastKnownFileType = sourcecode.swift; path = Baby.swift; sourceTree = "<group>"; };
		CFAE0FD12493016100B52BF1 /* ObservableDate.swift */ = {isa = PBXFileReference; lastKnownFileType = sourcecode.swift; path = ObservableDate.swift; sourceTree = "<group>"; };
		CFAE0FD32493064700B52BF1 /* BabyPickerView.swift */ = {isa = PBXFileReference; lastKnownFileType = sourcecode.swift; path = BabyPickerView.swift; sourceTree = "<group>"; };
		CFAE0FD52493067300B52BF1 /* BabyIconView.swift */ = {isa = PBXFileReference; lastKnownFileType = sourcecode.swift; path = BabyIconView.swift; sourceTree = "<group>"; };
		CFAE0FD7249306B400B52BF1 /* AgeView.swift */ = {isa = PBXFileReference; lastKnownFileType = sourcecode.swift; path = AgeView.swift; sourceTree = "<group>"; };
		CFAE0FD92493076700B52BF1 /* LogView.swift */ = {isa = PBXFileReference; lastKnownFileType = sourcecode.swift; path = LogView.swift; sourceTree = "<group>"; };
		CFAE0FDB2493159000B52BF1 /* FeedEvent.swift */ = {isa = PBXFileReference; lastKnownFileType = sourcecode.swift; path = FeedEvent.swift; sourceTree = "<group>"; };
		CFAE0FDD249315BE00B52BF1 /* DiaperEvent.swift */ = {isa = PBXFileReference; lastKnownFileType = sourcecode.swift; path = DiaperEvent.swift; sourceTree = "<group>"; };
		CFAE0FDF249315C900B52BF1 /* NapEvent.swift */ = {isa = PBXFileReference; lastKnownFileType = sourcecode.swift; path = NapEvent.swift; sourceTree = "<group>"; };
		CFAE0FE1249315D300B52BF1 /* WeightEvent.swift */ = {isa = PBXFileReference; lastKnownFileType = sourcecode.swift; path = WeightEvent.swift; sourceTree = "<group>"; };
		CFAE0FE3249315DD00B52BF1 /* FussEvent.swift */ = {isa = PBXFileReference; lastKnownFileType = sourcecode.swift; path = FussEvent.swift; sourceTree = "<group>"; };
		CFAE0FE5249315E700B52BF1 /* TummyTimeEvent.swift */ = {isa = PBXFileReference; lastKnownFileType = sourcecode.swift; path = TummyTimeEvent.swift; sourceTree = "<group>"; };
		CFAE0FE72493178800B52BF1 /* CustomEvent.swift */ = {isa = PBXFileReference; lastKnownFileType = sourcecode.swift; path = CustomEvent.swift; sourceTree = "<group>"; };
		CFAE0FE92493198800B52BF1 /* TickPublisher.swift */ = {isa = PBXFileReference; lastKnownFileType = sourcecode.swift; path = TickPublisher.swift; sourceTree = "<group>"; };
		CFAE0FEB24931A3800B52BF1 /* Formatters.swift */ = {isa = PBXFileReference; lastKnownFileType = sourcecode.swift; path = Formatters.swift; sourceTree = "<group>"; };
		CFAE0FF324931FD200B52BF1 /* SharedAssets.xcassets */ = {isa = PBXFileReference; lastKnownFileType = folder.assetcatalog; path = SharedAssets.xcassets; sourceTree = "<group>"; };
		CFAE0FF924932B3E00B52BF1 /* DateStepperView.swift */ = {isa = PBXFileReference; lastKnownFileType = sourcecode.swift; path = DateStepperView.swift; sourceTree = "<group>"; };
		CFAE0FFB24932E8200B52BF1 /* CustomEventView.swift */ = {isa = PBXFileReference; lastKnownFileType = sourcecode.swift; path = CustomEventView.swift; sourceTree = "<group>"; };
		CFAE0FFD249332DC00B52BF1 /* DiaperSummaryView.swift */ = {isa = PBXFileReference; lastKnownFileType = sourcecode.swift; path = DiaperSummaryView.swift; sourceTree = "<group>"; };
		CFAE0FFF249336A800B52BF1 /* BabyInfoView.swift */ = {isa = PBXFileReference; lastKnownFileType = sourcecode.swift; path = BabyInfoView.swift; sourceTree = "<group>"; };
		CFAE10012493387C00B52BF1 /* MeasuredEventSummaryView.swift */ = {isa = PBXFileReference; lastKnownFileType = sourcecode.swift; path = MeasuredEventSummaryView.swift; sourceTree = "<group>"; };
		CFC18008245E18B1007C756A /* PoopDeck.app */ = {isa = PBXFileReference; explicitFileType = wrapper.application; includeInIndex = 0; path = PoopDeck.app; sourceTree = BUILT_PRODUCTS_DIR; };
		CFC1800B245E18B1007C756A /* AppDelegate.swift */ = {isa = PBXFileReference; lastKnownFileType = sourcecode.swift; path = AppDelegate.swift; sourceTree = "<group>"; };
		CFC1800D245E18B1007C756A /* SceneDelegate.swift */ = {isa = PBXFileReference; lastKnownFileType = sourcecode.swift; path = SceneDelegate.swift; sourceTree = "<group>"; };
		CFC1800F245E18B1007C756A /* NewEventTypeSelectorView.swift */ = {isa = PBXFileReference; lastKnownFileType = sourcecode.swift; path = NewEventTypeSelectorView.swift; sourceTree = "<group>"; };
		CFC18011245E18B3007C756A /* Assets.xcassets */ = {isa = PBXFileReference; lastKnownFileType = folder.assetcatalog; path = Assets.xcassets; sourceTree = "<group>"; };
		CFC18014245E18B3007C756A /* Preview Assets.xcassets */ = {isa = PBXFileReference; lastKnownFileType = folder.assetcatalog; path = "Preview Assets.xcassets"; sourceTree = "<group>"; };
		CFC18017245E18B3007C756A /* Base */ = {isa = PBXFileReference; lastKnownFileType = file.storyboard; name = Base; path = Base.lproj/LaunchScreen.storyboard; sourceTree = "<group>"; };
		CFC18019245E18B3007C756A /* Info.plist */ = {isa = PBXFileReference; lastKnownFileType = text.plist.xml; path = Info.plist; sourceTree = "<group>"; };
		CFC1801E245E18B3007C756A /* BabyTrackerTests.xctest */ = {isa = PBXFileReference; explicitFileType = wrapper.cfbundle; includeInIndex = 0; path = BabyTrackerTests.xctest; sourceTree = BUILT_PRODUCTS_DIR; };
		CFC18022245E18B3007C756A /* BabyTrackerTests.swift */ = {isa = PBXFileReference; lastKnownFileType = sourcecode.swift; path = BabyTrackerTests.swift; sourceTree = "<group>"; };
		CFC18024245E18B3007C756A /* Info.plist */ = {isa = PBXFileReference; lastKnownFileType = text.plist.xml; path = Info.plist; sourceTree = "<group>"; };
		CFC1802D245E1A86007C756A /* Extensions.swift */ = {isa = PBXFileReference; lastKnownFileType = sourcecode.swift; path = Extensions.swift; sourceTree = "<group>"; };
		CFC18032245E224E007C756A /* BabyEvent.swift */ = {isa = PBXFileReference; lastKnownFileType = sourcecode.swift; path = BabyEvent.swift; sourceTree = "<group>"; };
		CFCF4FEA2484653A0027CB98 /* readme.md */ = {isa = PBXFileReference; fileEncoding = 4; lastKnownFileType = net.daringfireball.markdown; path = readme.md; sourceTree = "<group>"; };
		CFD6F41E2487068200E7DAAD /* NewWindowView.swift */ = {isa = PBXFileReference; lastKnownFileType = sourcecode.swift; path = NewWindowView.swift; sourceTree = "<group>"; };
		CFD6F420248706A900E7DAAD /* BBLGSSViewController.swift */ = {isa = PBXFileReference; lastKnownFileType = sourcecode.swift; path = BBLGSSViewController.swift; sourceTree = "<group>"; };
		CFD6F42224870E6C00E7DAAD /* DocumentsView.swift */ = {isa = PBXFileReference; lastKnownFileType = sourcecode.swift; path = DocumentsView.swift; sourceTree = "<group>"; };
/* End PBXFileReference section */

/* Begin PBXFrameworksBuildPhase section */
		CFC18005245E18B1007C756A /* Frameworks */ = {
			isa = PBXFrameworksBuildPhase;
			buildActionMask = 2147483647;
			files = (
				CFC18031245E1EFF007C756A /* BabyModule in Frameworks */,
			);
			runOnlyForDeploymentPostprocessing = 0;
		};
		CFC1801B245E18B3007C756A /* Frameworks */ = {
			isa = PBXFrameworksBuildPhase;
			buildActionMask = 2147483647;
			files = (
			);
			runOnlyForDeploymentPostprocessing = 0;
		};
/* End PBXFrameworksBuildPhase section */

/* Begin PBXGroup section */
		CFAE0FED24931E0900B52BF1 /* UIApplication */ = {
			isa = PBXGroup;
			children = (
				CFC18016245E18B3007C756A /* LaunchScreen.storyboard */,
				CFC18019245E18B3007C756A /* Info.plist */,
				CFC18011245E18B3007C756A /* Assets.xcassets */,
				CFC1800B245E18B1007C756A /* AppDelegate.swift */,
				CFC1800D245E18B1007C756A /* SceneDelegate.swift */,
			);
			path = UIApplication;
			sourceTree = "<group>";
		};
		CFAE0FEE24931E1A00B52BF1 /* UIKit */ = {
			isa = PBXGroup;
			children = (
				CFD6F420248706A900E7DAAD /* BBLGSSViewController.swift */,
				CF90150D2486AADE00343F5C /* DocumentBrowserViewController.swift */,
			);
			path = UIKit;
			sourceTree = "<group>";
		};
		CFAE0FEF24931E2500B52BF1 /* Views */ = {
			isa = PBXGroup;
			children = (
				CF125D64249246B800E2908C /* NewBabyFormView.swift */,
				CFD6F41E2487068200E7DAAD /* NewWindowView.swift */,
				CFAE0FD7249306B400B52BF1 /* AgeView.swift */,
				CFD6F42224870E6C00E7DAAD /* DocumentsView.swift */,
				CFAE0FD32493064700B52BF1 /* BabyPickerView.swift */,
				CFAE0FD52493067300B52BF1 /* BabyIconView.swift */,
				CFC1800F245E18B1007C756A /* NewEventTypeSelectorView.swift */,
				CF125D6A249270BA00E2908C /* ConflictResolutionViews.swift */,
				CFAE0FD92493076700B52BF1 /* LogView.swift */,
				CFAE0FF924932B3E00B52BF1 /* DateStepperView.swift */,
				CFA0E03724982EAF0095680B /* TimeStepperView.swift */,
				CFAE0FFB24932E8200B52BF1 /* CustomEventView.swift */,
				CFAE0FFD249332DC00B52BF1 /* DiaperSummaryView.swift */,
				CFAE0FFF249336A800B52BF1 /* BabyInfoView.swift */,
				CFAE10012493387C00B52BF1 /* MeasuredEventSummaryView.swift */,
				CF2B51D8249BDE880035A11F /* MeasuredEventFormView.swift */,
				CFA0E035249807B90095680B /* CustomEventFormView.swift */,
				CF2B51DA249C5D6F0035A11F /* MeasurementStepperView.swift */,
			);
			path = Views;
			sourceTree = "<group>";
		};
		CFAE0FF024931E3000B52BF1 /* Models */ = {
			isa = PBXGroup;
			children = (
				CFAE0FF224931F2B00B52BF1 /* EventTypes */,
				CFC18032245E224E007C756A /* BabyEvent.swift */,
				CFAE0FCD2492C93400B52BF1 /* PreferredColor.swift */,
				CFAE0FCF2492CC2600B52BF1 /* Baby.swift */,
				CF90150F2486ABF000343F5C /* BabyLog.swift */,
				CF125D6824926FEB00E2908C /* Errors.swift */,
			);
			path = Models;
			sourceTree = "<group>";
		};
		CFAE0FF124931EB900B52BF1 /* Helpers */ = {
			isa = PBXGroup;
			children = (
				CFC1802D245E1A86007C756A /* Extensions.swift */,
				CFAE0FEB24931A3800B52BF1 /* Formatters.swift */,
				CFAE0FD12493016100B52BF1 /* ObservableDate.swift */,
				CFAE0FE92493198800B52BF1 /* TickPublisher.swift */,
				CFA0E0392498752F0095680B /* KeyboardResponder.swift */,
				CF125D6624924E3C00E2908C /* ViewModifiers.swift */,
			);
			path = Helpers;
			sourceTree = "<group>";
		};
		CFAE0FF224931F2B00B52BF1 /* EventTypes */ = {
			isa = PBXGroup;
			children = (
				CFAE0FDB2493159000B52BF1 /* FeedEvent.swift */,
				CFAE0FDD249315BE00B52BF1 /* DiaperEvent.swift */,
				CFAE0FDF249315C900B52BF1 /* NapEvent.swift */,
				CFAE0FE1249315D300B52BF1 /* WeightEvent.swift */,
				CFAE0FE3249315DD00B52BF1 /* FussEvent.swift */,
				CFAE0FE5249315E700B52BF1 /* TummyTimeEvent.swift */,
				CFAE0FE72493178800B52BF1 /* CustomEvent.swift */,
			);
			path = EventTypes;
			sourceTree = "<group>";
		};
		CFAE0FF524931FED00B52BF1 /* Templates */ = {
			isa = PBXGroup;
			children = (
				CF9015112486AC0300343F5C /* MyBabyLog.bblg */,
			);
			path = Templates;
			sourceTree = "<group>";
		};
		CFAE0FF62493201C00B52BF1 /* ProjectAssets */ = {
			isa = PBXGroup;
			children = (
				CF9015152486ACED00343F5C /* bblg_icon.png */,
			);
			path = ProjectAssets;
			sourceTree = "<group>";
		};
		CFC17FFF245E18B0007C756A = {
			isa = PBXGroup;
			children = (
				CFCF4FEA2484653A0027CB98 /* readme.md */,
				CFAE0FF62493201C00B52BF1 /* ProjectAssets */,
				CFC1800A245E18B1007C756A /* BabyTracker */,
				CFC18021245E18B3007C756A /* BabyTrackerTests */,
				CFC18009245E18B1007C756A /* Products */,
			);
			sourceTree = "<group>";
		};
		CFC18009245E18B1007C756A /* Products */ = {
			isa = PBXGroup;
			children = (
				CFC18008245E18B1007C756A /* PoopDeck.app */,
				CFC1801E245E18B3007C756A /* BabyTrackerTests.xctest */,
			);
			name = Products;
			sourceTree = "<group>";
		};
		CFC1800A245E18B1007C756A /* BabyTracker */ = {
			isa = PBXGroup;
			children = (
				CF38D2542467608D00EF6FC9 /* BabyTracker.entitlements */,
				CFAE0FF124931EB900B52BF1 /* Helpers */,
				CFAE0FF024931E3000B52BF1 /* Models */,
				CFAE0FED24931E0900B52BF1 /* UIApplication */,
				CFAE0FEE24931E1A00B52BF1 /* UIKit */,
				CFAE0FEF24931E2500B52BF1 /* Views */,
				CFAE0FF324931FD200B52BF1 /* SharedAssets.xcassets */,
				CFAE0FF524931FED00B52BF1 /* Templates */,
				CFC18013245E18B3007C756A /* Preview Content */,
			);
			path = BabyTracker;
			sourceTree = "<group>";
		};
		CFC18013245E18B3007C756A /* Preview Content */ = {
			isa = PBXGroup;
			children = (
				CFC18014245E18B3007C756A /* Preview Assets.xcassets */,
			);
			path = "Preview Content";
			sourceTree = "<group>";
		};
		CFC18021245E18B3007C756A /* BabyTrackerTests */ = {
			isa = PBXGroup;
			children = (
				CFC18022245E18B3007C756A /* BabyTrackerTests.swift */,
				CFC18024245E18B3007C756A /* Info.plist */,
			);
			path = BabyTrackerTests;
			sourceTree = "<group>";
		};
/* End PBXGroup section */

/* Begin PBXNativeTarget section */
		CFC18007245E18B1007C756A /* BabyTracker */ = {
			isa = PBXNativeTarget;
			buildConfigurationList = CFC18027245E18B3007C756A /* Build configuration list for PBXNativeTarget "BabyTracker" */;
			buildPhases = (
				CFC18004245E18B1007C756A /* Sources */,
				CFC18005245E18B1007C756A /* Frameworks */,
				CFC18006245E18B1007C756A /* Resources */,
			);
			buildRules = (
			);
			dependencies = (
			);
			name = BabyTracker;
			packageProductDependencies = (
				CFC18030245E1EFF007C756A /* BabyModule */,
			);
			productName = BabyTracker;
			productReference = CFC18008245E18B1007C756A /* PoopDeck.app */;
			productType = "com.apple.product-type.application";
		};
		CFC1801D245E18B3007C756A /* BabyTrackerTests */ = {
			isa = PBXNativeTarget;
			buildConfigurationList = CFC1802A245E18B3007C756A /* Build configuration list for PBXNativeTarget "BabyTrackerTests" */;
			buildPhases = (
				CFC1801A245E18B3007C756A /* Sources */,
				CFC1801B245E18B3007C756A /* Frameworks */,
				CFC1801C245E18B3007C756A /* Resources */,
			);
			buildRules = (
			);
			dependencies = (
				CFC18020245E18B3007C756A /* PBXTargetDependency */,
			);
			name = BabyTrackerTests;
			productName = BabyTrackerTests;
			productReference = CFC1801E245E18B3007C756A /* BabyTrackerTests.xctest */;
			productType = "com.apple.product-type.bundle.unit-test";
		};
/* End PBXNativeTarget section */

/* Begin PBXProject section */
		CFC18000245E18B0007C756A /* Project object */ = {
			isa = PBXProject;
			attributes = {
				LastSwiftUpdateCheck = 1130;
				LastUpgradeCheck = 1130;
				ORGANIZATIONNAME = "Calvin Chestnut";
				TargetAttributes = {
					CFC18007245E18B1007C756A = {
						CreatedOnToolsVersion = 11.3.1;
					};
					CFC1801D245E18B3007C756A = {
						CreatedOnToolsVersion = 11.3.1;
						TestTargetID = CFC18007245E18B1007C756A;
					};
				};
			};
			buildConfigurationList = CFC18003245E18B0007C756A /* Build configuration list for PBXProject "BabyTracker" */;
			compatibilityVersion = "Xcode 9.3";
			developmentRegion = en;
			hasScannedForEncodings = 0;
			knownRegions = (
				en,
				Base,
			);
			mainGroup = CFC17FFF245E18B0007C756A;
			packageReferences = (
				CFC1802F245E1EFF007C756A /* XCRemoteSwiftPackageReference "BabyChestnut" */,
			);
			productRefGroup = CFC18009245E18B1007C756A /* Products */;
			projectDirPath = "";
			projectRoot = "";
			targets = (
				CFC18007245E18B1007C756A /* BabyTracker */,
				CFC1801D245E18B3007C756A /* BabyTrackerTests */,
			);
		};
/* End PBXProject section */

/* Begin PBXResourcesBuildPhase section */
		CFC18006245E18B1007C756A /* Resources */ = {
			isa = PBXResourcesBuildPhase;
			buildActionMask = 2147483647;
			files = (
				CF9015162486ACED00343F5C /* bblg_icon.png in Resources */,
				CFC18018245E18B3007C756A /* LaunchScreen.storyboard in Resources */,
				CFC18015245E18B3007C756A /* Preview Assets.xcassets in Resources */,
				CFCF4FEB2484653A0027CB98 /* readme.md in Resources */,
				CFAE0FF424931FD200B52BF1 /* SharedAssets.xcassets in Resources */,
				CFC18012245E18B3007C756A /* Assets.xcassets in Resources */,
				CF9015122486AC0300343F5C /* MyBabyLog.bblg in Resources */,
			);
			runOnlyForDeploymentPostprocessing = 0;
		};
		CFC1801C245E18B3007C756A /* Resources */ = {
			isa = PBXResourcesBuildPhase;
			buildActionMask = 2147483647;
			files = (
			);
			runOnlyForDeploymentPostprocessing = 0;
		};
/* End PBXResourcesBuildPhase section */

/* Begin PBXSourcesBuildPhase section */
		CFC18004245E18B1007C756A /* Sources */ = {
			isa = PBXSourcesBuildPhase;
			buildActionMask = 2147483647;
			files = (
				CFAE0FEA2493198800B52BF1 /* TickPublisher.swift in Sources */,
				CFA0E03A2498752F0095680B /* KeyboardResponder.swift in Sources */,
				CFAE10022493387C00B52BF1 /* MeasuredEventSummaryView.swift in Sources */,
				CFAE0FD22493016100B52BF1 /* ObservableDate.swift in Sources */,
				CFAE0FE4249315DD00B52BF1 /* FussEvent.swift in Sources */,
				CFC1800C245E18B1007C756A /* AppDelegate.swift in Sources */,
				CFAE0FDC2493159000B52BF1 /* FeedEvent.swift in Sources */,
				CF125D65249246B800E2908C /* NewBabyFormView.swift in Sources */,
				CFAE0FD62493067300B52BF1 /* BabyIconView.swift in Sources */,
				CF90150E2486AADE00343F5C /* DocumentBrowserViewController.swift in Sources */,
				CFAE0FFC24932E8200B52BF1 /* CustomEventView.swift in Sources */,
				CFAE0FD42493064700B52BF1 /* BabyPickerView.swift in Sources */,
				CFA0E036249807B90095680B /* CustomEventFormView.swift in Sources */,
				CFC1800E245E18B1007C756A /* SceneDelegate.swift in Sources */,
				CF125D6B249270BA00E2908C /* ConflictResolutionViews.swift in Sources */,
				CFA0E03824982EAF0095680B /* TimeStepperView.swift in Sources */,
				CFAE1000249336A800B52BF1 /* BabyInfoView.swift in Sources */,
				CFAE0FDE249315BE00B52BF1 /* DiaperEvent.swift in Sources */,
				CFAE0FDA2493076700B52BF1 /* LogView.swift in Sources */,
				CF2B51DB249C5D6F0035A11F /* MeasurementStepperView.swift in Sources */,
				CFC18010245E18B1007C756A /* NewEventTypeSelectorView.swift in Sources */,
				CF125D6924926FEB00E2908C /* Errors.swift in Sources */,
				CFAE0FD02492CC2600B52BF1 /* Baby.swift in Sources */,
				CFAE0FFA24932B3E00B52BF1 /* DateStepperView.swift in Sources */,
				CFD6F421248706A900E7DAAD /* BBLGSSViewController.swift in Sources */,
				CF2B51D9249BDE880035A11F /* MeasuredEventFormView.swift in Sources */,
				CFAE0FE6249315E700B52BF1 /* TummyTimeEvent.swift in Sources */,
				CFAE0FEC24931A3800B52BF1 /* Formatters.swift in Sources */,
				CFD6F41F2487068200E7DAAD /* NewWindowView.swift in Sources */,
				CF125D6724924E3C00E2908C /* ViewModifiers.swift in Sources */,
				CFC1802E245E1A86007C756A /* Extensions.swift in Sources */,
				CFAE0FFE249332DC00B52BF1 /* DiaperSummaryView.swift in Sources */,
				CFAE0FE0249315C900B52BF1 /* NapEvent.swift in Sources */,
				CFAE0FE82493178800B52BF1 /* CustomEvent.swift in Sources */,
				CFAE0FE2249315D300B52BF1 /* WeightEvent.swift in Sources */,
				CFD6F42324870E6C00E7DAAD /* DocumentsView.swift in Sources */,
				CFAE0FCE2492C93400B52BF1 /* PreferredColor.swift in Sources */,
				CF9015102486ABF100343F5C /* BabyLog.swift in Sources */,
				CFC18033245E224E007C756A /* BabyEvent.swift in Sources */,
				CFAE0FD8249306B400B52BF1 /* AgeView.swift in Sources */,
			);
			runOnlyForDeploymentPostprocessing = 0;
		};
		CFC1801A245E18B3007C756A /* Sources */ = {
			isa = PBXSourcesBuildPhase;
			buildActionMask = 2147483647;
			files = (
				CFC18023245E18B3007C756A /* BabyTrackerTests.swift in Sources */,
			);
			runOnlyForDeploymentPostprocessing = 0;
		};
/* End PBXSourcesBuildPhase section */

/* Begin PBXTargetDependency section */
		CFC18020245E18B3007C756A /* PBXTargetDependency */ = {
			isa = PBXTargetDependency;
			target = CFC18007245E18B1007C756A /* BabyTracker */;
			targetProxy = CFC1801F245E18B3007C756A /* PBXContainerItemProxy */;
		};
/* End PBXTargetDependency section */

/* Begin PBXVariantGroup section */
		CFC18016245E18B3007C756A /* LaunchScreen.storyboard */ = {
			isa = PBXVariantGroup;
			children = (
				CFC18017245E18B3007C756A /* Base */,
			);
			name = LaunchScreen.storyboard;
			sourceTree = "<group>";
		};
/* End PBXVariantGroup section */

/* Begin XCBuildConfiguration section */
		CFC18025245E18B3007C756A /* Debug */ = {
			isa = XCBuildConfiguration;
			buildSettings = {
				ALWAYS_SEARCH_USER_PATHS = NO;
				CLANG_ANALYZER_NONNULL = YES;
				CLANG_ANALYZER_NUMBER_OBJECT_CONVERSION = YES_AGGRESSIVE;
				CLANG_CXX_LANGUAGE_STANDARD = "gnu++14";
				CLANG_CXX_LIBRARY = "libc++";
				CLANG_ENABLE_MODULES = YES;
				CLANG_ENABLE_OBJC_ARC = YES;
				CLANG_ENABLE_OBJC_WEAK = YES;
				CLANG_WARN_BLOCK_CAPTURE_AUTORELEASING = YES;
				CLANG_WARN_BOOL_CONVERSION = YES;
				CLANG_WARN_COMMA = YES;
				CLANG_WARN_CONSTANT_CONVERSION = YES;
				CLANG_WARN_DEPRECATED_OBJC_IMPLEMENTATIONS = YES;
				CLANG_WARN_DIRECT_OBJC_ISA_USAGE = YES_ERROR;
				CLANG_WARN_DOCUMENTATION_COMMENTS = YES;
				CLANG_WARN_EMPTY_BODY = YES;
				CLANG_WARN_ENUM_CONVERSION = YES;
				CLANG_WARN_INFINITE_RECURSION = YES;
				CLANG_WARN_INT_CONVERSION = YES;
				CLANG_WARN_NON_LITERAL_NULL_CONVERSION = YES;
				CLANG_WARN_OBJC_IMPLICIT_RETAIN_SELF = YES;
				CLANG_WARN_OBJC_LITERAL_CONVERSION = YES;
				CLANG_WARN_OBJC_ROOT_CLASS = YES_ERROR;
				CLANG_WARN_RANGE_LOOP_ANALYSIS = YES;
				CLANG_WARN_STRICT_PROTOTYPES = YES;
				CLANG_WARN_SUSPICIOUS_MOVE = YES;
				CLANG_WARN_UNGUARDED_AVAILABILITY = YES_AGGRESSIVE;
				CLANG_WARN_UNREACHABLE_CODE = YES;
				CLANG_WARN__DUPLICATE_METHOD_MATCH = YES;
				COPY_PHASE_STRIP = NO;
				DEBUG_INFORMATION_FORMAT = dwarf;
				ENABLE_STRICT_OBJC_MSGSEND = YES;
				ENABLE_TESTABILITY = YES;
				GCC_C_LANGUAGE_STANDARD = gnu11;
				GCC_DYNAMIC_NO_PIC = NO;
				GCC_NO_COMMON_BLOCKS = YES;
				GCC_OPTIMIZATION_LEVEL = 0;
				GCC_PREPROCESSOR_DEFINITIONS = (
					"DEBUG=1",
					"$(inherited)",
				);
				GCC_WARN_64_TO_32_BIT_CONVERSION = YES;
				GCC_WARN_ABOUT_RETURN_TYPE = YES_ERROR;
				GCC_WARN_UNDECLARED_SELECTOR = YES;
				GCC_WARN_UNINITIALIZED_AUTOS = YES_AGGRESSIVE;
				GCC_WARN_UNUSED_FUNCTION = YES;
				GCC_WARN_UNUSED_VARIABLE = YES;
				IPHONEOS_DEPLOYMENT_TARGET = 13.2;
				MTL_ENABLE_DEBUG_INFO = INCLUDE_SOURCE;
				MTL_FAST_MATH = YES;
				ONLY_ACTIVE_ARCH = YES;
				SDKROOT = iphoneos;
				SWIFT_ACTIVE_COMPILATION_CONDITIONS = DEBUG;
				SWIFT_OPTIMIZATION_LEVEL = "-Onone";
			};
			name = Debug;
		};
		CFC18026245E18B3007C756A /* Release */ = {
			isa = XCBuildConfiguration;
			buildSettings = {
				ALWAYS_SEARCH_USER_PATHS = NO;
				CLANG_ANALYZER_NONNULL = YES;
				CLANG_ANALYZER_NUMBER_OBJECT_CONVERSION = YES_AGGRESSIVE;
				CLANG_CXX_LANGUAGE_STANDARD = "gnu++14";
				CLANG_CXX_LIBRARY = "libc++";
				CLANG_ENABLE_MODULES = YES;
				CLANG_ENABLE_OBJC_ARC = YES;
				CLANG_ENABLE_OBJC_WEAK = YES;
				CLANG_WARN_BLOCK_CAPTURE_AUTORELEASING = YES;
				CLANG_WARN_BOOL_CONVERSION = YES;
				CLANG_WARN_COMMA = YES;
				CLANG_WARN_CONSTANT_CONVERSION = YES;
				CLANG_WARN_DEPRECATED_OBJC_IMPLEMENTATIONS = YES;
				CLANG_WARN_DIRECT_OBJC_ISA_USAGE = YES_ERROR;
				CLANG_WARN_DOCUMENTATION_COMMENTS = YES;
				CLANG_WARN_EMPTY_BODY = YES;
				CLANG_WARN_ENUM_CONVERSION = YES;
				CLANG_WARN_INFINITE_RECURSION = YES;
				CLANG_WARN_INT_CONVERSION = YES;
				CLANG_WARN_NON_LITERAL_NULL_CONVERSION = YES;
				CLANG_WARN_OBJC_IMPLICIT_RETAIN_SELF = YES;
				CLANG_WARN_OBJC_LITERAL_CONVERSION = YES;
				CLANG_WARN_OBJC_ROOT_CLASS = YES_ERROR;
				CLANG_WARN_RANGE_LOOP_ANALYSIS = YES;
				CLANG_WARN_STRICT_PROTOTYPES = YES;
				CLANG_WARN_SUSPICIOUS_MOVE = YES;
				CLANG_WARN_UNGUARDED_AVAILABILITY = YES_AGGRESSIVE;
				CLANG_WARN_UNREACHABLE_CODE = YES;
				CLANG_WARN__DUPLICATE_METHOD_MATCH = YES;
				COPY_PHASE_STRIP = NO;
				DEBUG_INFORMATION_FORMAT = "dwarf-with-dsym";
				ENABLE_NS_ASSERTIONS = NO;
				ENABLE_STRICT_OBJC_MSGSEND = YES;
				GCC_C_LANGUAGE_STANDARD = gnu11;
				GCC_NO_COMMON_BLOCKS = YES;
				GCC_WARN_64_TO_32_BIT_CONVERSION = YES;
				GCC_WARN_ABOUT_RETURN_TYPE = YES_ERROR;
				GCC_WARN_UNDECLARED_SELECTOR = YES;
				GCC_WARN_UNINITIALIZED_AUTOS = YES_AGGRESSIVE;
				GCC_WARN_UNUSED_FUNCTION = YES;
				GCC_WARN_UNUSED_VARIABLE = YES;
				IPHONEOS_DEPLOYMENT_TARGET = 13.2;
				MTL_ENABLE_DEBUG_INFO = NO;
				MTL_FAST_MATH = YES;
				SDKROOT = iphoneos;
				SWIFT_COMPILATION_MODE = wholemodule;
				SWIFT_OPTIMIZATION_LEVEL = "-O";
				VALIDATE_PRODUCT = YES;
			};
			name = Release;
		};
		CFC18028245E18B3007C756A /* Debug */ = {
			isa = XCBuildConfiguration;
			buildSettings = {
				ASSETCATALOG_COMPILER_APPICON_NAME = AppIcon;
				CODE_SIGN_ENTITLEMENTS = BabyTracker/BabyTracker.entitlements;
				CODE_SIGN_IDENTITY = "Apple Development";
				"CODE_SIGN_IDENTITY[sdk=macosx*]" = "Apple Development";
				CODE_SIGN_STYLE = Automatic;
				DEVELOPMENT_ASSET_PATHS = "\"BabyTracker/Preview Content\"";
				DEVELOPMENT_TEAM = 6SEG2H9AQV;
				ENABLE_PREVIEWS = YES;
				INFOPLIST_FILE = BabyTracker/UIApplication/Info.plist;
				IPHONEOS_DEPLOYMENT_TARGET = 13.5;
				LD_RUNPATH_SEARCH_PATHS = (
					"$(inherited)",
					"@executable_path/Frameworks",
				);
				PRODUCT_BUNDLE_IDENTIFIER = com.chestnut.BabyTracker;
				PRODUCT_NAME = PoopDeck;
				PROVISIONING_PROFILE_SPECIFIER = "";
				"PROVISIONING_PROFILE_SPECIFIER[sdk=macosx*]" = "";
				SUPPORTS_MACCATALYST = NO;
				SWIFT_VERSION = 5.0;
				TARGETED_DEVICE_FAMILY = 1;
			};
			name = Debug;
		};
		CFC18029245E18B3007C756A /* Release */ = {
			isa = XCBuildConfiguration;
			buildSettings = {
				ASSETCATALOG_COMPILER_APPICON_NAME = AppIcon;
				CODE_SIGN_ENTITLEMENTS = BabyTracker/BabyTracker.entitlements;
				CODE_SIGN_IDENTITY = "Apple Development";
				"CODE_SIGN_IDENTITY[sdk=macosx*]" = "Apple Development";
				CODE_SIGN_STYLE = Automatic;
				DEVELOPMENT_ASSET_PATHS = "\"BabyTracker/Preview Content\"";
				DEVELOPMENT_TEAM = 6SEG2H9AQV;
				ENABLE_PREVIEWS = YES;
				INFOPLIST_FILE = BabyTracker/UIApplication/Info.plist;
				IPHONEOS_DEPLOYMENT_TARGET = 13.5;
				LD_RUNPATH_SEARCH_PATHS = (
					"$(inherited)",
					"@executable_path/Frameworks",
				);
				PRODUCT_BUNDLE_IDENTIFIER = com.chestnut.BabyTracker;
				PRODUCT_NAME = PoopDeck;
				PROVISIONING_PROFILE_SPECIFIER = "";
				"PROVISIONING_PROFILE_SPECIFIER[sdk=macosx*]" = "";
				SUPPORTS_MACCATALYST = NO;
				SWIFT_VERSION = 5.0;
				TARGETED_DEVICE_FAMILY = 1;
			};
			name = Release;
		};
		CFC1802B245E18B3007C756A /* Debug */ = {
			isa = XCBuildConfiguration;
			buildSettings = {
				ALWAYS_EMBED_SWIFT_STANDARD_LIBRARIES = YES;
				BUNDLE_LOADER = "$(TEST_HOST)";
				CODE_SIGN_STYLE = Automatic;
				DEVELOPMENT_TEAM = 6SEG2H9AQV;
				INFOPLIST_FILE = BabyTrackerTests/Info.plist;
				IPHONEOS_DEPLOYMENT_TARGET = 13.2;
				LD_RUNPATH_SEARCH_PATHS = (
					"$(inherited)",
					"@executable_path/Frameworks",
					"@loader_path/Frameworks",
				);
				PRODUCT_BUNDLE_IDENTIFIER = com.chestnut.BabyTrackerTests;
				PRODUCT_NAME = "$(TARGET_NAME)";
				SWIFT_VERSION = 5.0;
				TARGETED_DEVICE_FAMILY = "1,2";
				TEST_HOST = "$(BUILT_PRODUCTS_DIR)/BabyTracker.app/BabyTracker";
			};
			name = Debug;
		};
		CFC1802C245E18B3007C756A /* Release */ = {
			isa = XCBuildConfiguration;
			buildSettings = {
				ALWAYS_EMBED_SWIFT_STANDARD_LIBRARIES = YES;
				BUNDLE_LOADER = "$(TEST_HOST)";
				CODE_SIGN_STYLE = Automatic;
				DEVELOPMENT_TEAM = 6SEG2H9AQV;
				INFOPLIST_FILE = BabyTrackerTests/Info.plist;
				IPHONEOS_DEPLOYMENT_TARGET = 13.2;
				LD_RUNPATH_SEARCH_PATHS = (
					"$(inherited)",
					"@executable_path/Frameworks",
					"@loader_path/Frameworks",
				);
				PRODUCT_BUNDLE_IDENTIFIER = com.chestnut.BabyTrackerTests;
				PRODUCT_NAME = "$(TARGET_NAME)";
				SWIFT_VERSION = 5.0;
				TARGETED_DEVICE_FAMILY = "1,2";
				TEST_HOST = "$(BUILT_PRODUCTS_DIR)/BabyTracker.app/BabyTracker";
			};
			name = Release;
		};
/* End XCBuildConfiguration section */

/* Begin XCConfigurationList section */
		CFC18003245E18B0007C756A /* Build configuration list for PBXProject "BabyTracker" */ = {
			isa = XCConfigurationList;
			buildConfigurations = (
				CFC18025245E18B3007C756A /* Debug */,
				CFC18026245E18B3007C756A /* Release */,
			);
			defaultConfigurationIsVisible = 0;
			defaultConfigurationName = Release;
		};
		CFC18027245E18B3007C756A /* Build configuration list for PBXNativeTarget "BabyTracker" */ = {
			isa = XCConfigurationList;
			buildConfigurations = (
				CFC18028245E18B3007C756A /* Debug */,
				CFC18029245E18B3007C756A /* Release */,
			);
			defaultConfigurationIsVisible = 0;
			defaultConfigurationName = Release;
		};
		CFC1802A245E18B3007C756A /* Build configuration list for PBXNativeTarget "BabyTrackerTests" */ = {
			isa = XCConfigurationList;
			buildConfigurations = (
				CFC1802B245E18B3007C756A /* Debug */,
				CFC1802C245E18B3007C756A /* Release */,
			);
			defaultConfigurationIsVisible = 0;
			defaultConfigurationName = Release;
		};
/* End XCConfigurationList section */

/* Begin XCRemoteSwiftPackageReference section */
		CFC1802F245E1EFF007C756A /* XCRemoteSwiftPackageReference "BabyChestnut" */ = {
			isa = XCRemoteSwiftPackageReference;
			repositoryURL = "https://github.com/calvinchestnut/BabyChestnut.git";
			requirement = {
				branch = master;
				kind = branch;
			};
		};
/* End XCRemoteSwiftPackageReference section */

/* Begin XCSwiftPackageProductDependency section */
		CFC18030245E1EFF007C756A /* BabyModule */ = {
			isa = XCSwiftPackageProductDependency;
			package = CFC1802F245E1EFF007C756A /* XCRemoteSwiftPackageReference "BabyChestnut" */;
			productName = BabyModule;
		};
/* End XCSwiftPackageProductDependency section */
	};
	rootObject = CFC18000245E18B0007C756A /* Project object */;
}
