// !$*UTF8*$!
{
	archiveVersion = 1;
	classes = {
	};
	objectVersion = 52;
	objects = {

/* Begin PBXBuildFile section */
		CF6A2D36245F64F50060FA8A /* FormViews.swift in Sources */ = {isa = PBXBuildFile; fileRef = CF6A2D35245F64F50060FA8A /* FormViews.swift */; };
		CFC1800C245E18B1007C756A /* AppDelegate.swift in Sources */ = {isa = PBXBuildFile; fileRef = CFC1800B245E18B1007C756A /* AppDelegate.swift */; };
		CFC1800E245E18B1007C756A /* SceneDelegate.swift in Sources */ = {isa = PBXBuildFile; fileRef = CFC1800D245E18B1007C756A /* SceneDelegate.swift */; };
		CFC18010245E18B1007C756A /* ContentViews.swift in Sources */ = {isa = PBXBuildFile; fileRef = CFC1800F245E18B1007C756A /* ContentViews.swift */; };
		CFC18012245E18B3007C756A /* Assets.xcassets in Resources */ = {isa = PBXBuildFile; fileRef = CFC18011245E18B3007C756A /* Assets.xcassets */; };
		CFC18015245E18B3007C756A /* Preview Assets.xcassets in Resources */ = {isa = PBXBuildFile; fileRef = CFC18014245E18B3007C756A /* Preview Assets.xcassets */; };
		CFC18018245E18B3007C756A /* LaunchScreen.storyboard in Resources */ = {isa = PBXBuildFile; fileRef = CFC18016245E18B3007C756A /* LaunchScreen.storyboard */; };
		CFC18023245E18B3007C756A /* BabyTrackerTests.swift in Sources */ = {isa = PBXBuildFile; fileRef = CFC18022245E18B3007C756A /* BabyTrackerTests.swift */; };
		CFC1802E245E1A86007C756A /* Extensions.swift in Sources */ = {isa = PBXBuildFile; fileRef = CFC1802D245E1A86007C756A /* Extensions.swift */; };
		CFC18031245E1EFF007C756A /* BabyModule in Frameworks */ = {isa = PBXBuildFile; productRef = CFC18030245E1EFF007C756A /* BabyModule */; };
		CFC18033245E224E007C756A /* Models.swift in Sources */ = {isa = PBXBuildFile; fileRef = CFC18032245E224E007C756A /* Models.swift */; };
		CFFA0B0224639E4000EBDD87 /* SwiftUIView.swift in Sources */ = {isa = PBXBuildFile; fileRef = CFFA0B0124639E4000EBDD87 /* SwiftUIView.swift */; };
/* End PBXBuildFile section */

/* Begin PBXContainerItemProxy section */
		CFC1801F245E18B3007C756A /* PBXContainerItemProxy */ = {
			isa = PBXContainerItemProxy;
			containerPortal = CFC18000245E18B0007C756A /* Project object */;
			proxyType = 1;
			remoteGlobalIDString = CFC18007245E18B1007C756A;
			remoteInfo = BabyTracker;
		};
/* End PBXContainerItemProxy section */

/* Begin PBXFileReference section */
		CF38D2542467608D00EF6FC9 /* BabyTracker.entitlements */ = {isa = PBXFileReference; lastKnownFileType = text.plist.entitlements; path = BabyTracker.entitlements; sourceTree = "<group>"; };
		CF6A2D35245F64F50060FA8A /* FormViews.swift */ = {isa = PBXFileReference; lastKnownFileType = sourcecode.swift; path = FormViews.swift; sourceTree = "<group>"; };
		CFC18008245E18B1007C756A /* BabyTracker.app */ = {isa = PBXFileReference; explicitFileType = wrapper.application; includeInIndex = 0; path = BabyTracker.app; sourceTree = BUILT_PRODUCTS_DIR; };
		CFC1800B245E18B1007C756A /* AppDelegate.swift */ = {isa = PBXFileReference; lastKnownFileType = sourcecode.swift; path = AppDelegate.swift; sourceTree = "<group>"; };
		CFC1800D245E18B1007C756A /* SceneDelegate.swift */ = {isa = PBXFileReference; lastKnownFileType = sourcecode.swift; path = SceneDelegate.swift; sourceTree = "<group>"; };
		CFC1800F245E18B1007C756A /* ContentViews.swift */ = {isa = PBXFileReference; lastKnownFileType = sourcecode.swift; path = ContentViews.swift; sourceTree = "<group>"; };
		CFC18011245E18B3007C756A /* Assets.xcassets */ = {isa = PBXFileReference; lastKnownFileType = folder.assetcatalog; path = Assets.xcassets; sourceTree = "<group>"; };
		CFC18014245E18B3007C756A /* Preview Assets.xcassets */ = {isa = PBXFileReference; lastKnownFileType = folder.assetcatalog; path = "Preview Assets.xcassets"; sourceTree = "<group>"; };
		CFC18017245E18B3007C756A /* Base */ = {isa = PBXFileReference; lastKnownFileType = file.storyboard; name = Base; path = Base.lproj/LaunchScreen.storyboard; sourceTree = "<group>"; };
		CFC18019245E18B3007C756A /* Info.plist */ = {isa = PBXFileReference; lastKnownFileType = text.plist.xml; path = Info.plist; sourceTree = "<group>"; };
		CFC1801E245E18B3007C756A /* BabyTrackerTests.xctest */ = {isa = PBXFileReference; explicitFileType = wrapper.cfbundle; includeInIndex = 0; path = BabyTrackerTests.xctest; sourceTree = BUILT_PRODUCTS_DIR; };
		CFC18022245E18B3007C756A /* BabyTrackerTests.swift */ = {isa = PBXFileReference; lastKnownFileType = sourcecode.swift; path = BabyTrackerTests.swift; sourceTree = "<group>"; };
		CFC18024245E18B3007C756A /* Info.plist */ = {isa = PBXFileReference; lastKnownFileType = text.plist.xml; path = Info.plist; sourceTree = "<group>"; };
		CFC1802D245E1A86007C756A /* Extensions.swift */ = {isa = PBXFileReference; lastKnownFileType = sourcecode.swift; path = Extensions.swift; sourceTree = "<group>"; };
		CFC18032245E224E007C756A /* Models.swift */ = {isa = PBXFileReference; lastKnownFileType = sourcecode.swift; path = Models.swift; sourceTree = "<group>"; };
		CFFA0B0124639E4000EBDD87 /* SwiftUIView.swift */ = {isa = PBXFileReference; lastKnownFileType = sourcecode.swift; path = SwiftUIView.swift; sourceTree = "<group>"; };
/* End PBXFileReference section */

/* Begin PBXFrameworksBuildPhase section */
		CFC18005245E18B1007C756A /* Frameworks */ = {
			isa = PBXFrameworksBuildPhase;
			buildActionMask = 2147483647;
			files = (
				CFC18031245E1EFF007C756A /* BabyModule in Frameworks */,
			);
			runOnlyForDeploymentPostprocessing = 0;
		};
		CFC1801B245E18B3007C756A /* Frameworks */ = {
			isa = PBXFrameworksBuildPhase;
			buildActionMask = 2147483647;
			files = (
			);
			runOnlyForDeploymentPostprocessing = 0;
		};
/* End PBXFrameworksBuildPhase section */

/* Begin PBXGroup section */
		CFC17FFF245E18B0007C756A = {
			isa = PBXGroup;
			children = (
				CFFA0B0124639E4000EBDD87 /* SwiftUIView.swift */,
				CFC1800A245E18B1007C756A /* BabyTracker */,
				CFC18021245E18B3007C756A /* BabyTrackerTests */,
				CFC18009245E18B1007C756A /* Products */,
			);
			sourceTree = "<group>";
		};
		CFC18009245E18B1007C756A /* Products */ = {
			isa = PBXGroup;
			children = (
				CFC18008245E18B1007C756A /* BabyTracker.app */,
				CFC1801E245E18B3007C756A /* BabyTrackerTests.xctest */,
			);
			name = Products;
			sourceTree = "<group>";
		};
		CFC1800A245E18B1007C756A /* BabyTracker */ = {
			isa = PBXGroup;
			children = (
				CF38D2542467608D00EF6FC9 /* BabyTracker.entitlements */,
				CFC1800B245E18B1007C756A /* AppDelegate.swift */,
				CFC1800D245E18B1007C756A /* SceneDelegate.swift */,
				CFC1800F245E18B1007C756A /* ContentViews.swift */,
				CF6A2D35245F64F50060FA8A /* FormViews.swift */,
				CFC18032245E224E007C756A /* Models.swift */,
				CFC1802D245E1A86007C756A /* Extensions.swift */,
				CFC18011245E18B3007C756A /* Assets.xcassets */,
				CFC18016245E18B3007C756A /* LaunchScreen.storyboard */,
				CFC18019245E18B3007C756A /* Info.plist */,
				CFC18013245E18B3007C756A /* Preview Content */,
			);
			path = BabyTracker;
			sourceTree = "<group>";
		};
		CFC18013245E18B3007C756A /* Preview Content */ = {
			isa = PBXGroup;
			children = (
				CFC18014245E18B3007C756A /* Preview Assets.xcassets */,
			);
			path = "Preview Content";
			sourceTree = "<group>";
		};
		CFC18021245E18B3007C756A /* BabyTrackerTests */ = {
			isa = PBXGroup;
			children = (
				CFC18022245E18B3007C756A /* BabyTrackerTests.swift */,
				CFC18024245E18B3007C756A /* Info.plist */,
			);
			path = BabyTrackerTests;
			sourceTree = "<group>";
		};
/* End PBXGroup section */

/* Begin PBXNativeTarget section */
		CFC18007245E18B1007C756A /* BabyTracker */ = {
			isa = PBXNativeTarget;
			buildConfigurationList = CFC18027245E18B3007C756A /* Build configuration list for PBXNativeTarget "BabyTracker" */;
			buildPhases = (
				CFC18004245E18B1007C756A /* Sources */,
				CFC18005245E18B1007C756A /* Frameworks */,
				CFC18006245E18B1007C756A /* Resources */,
			);
			buildRules = (
			);
			dependencies = (
			);
			name = BabyTracker;
			packageProductDependencies = (
				CFC18030245E1EFF007C756A /* BabyModule */,
			);
			productName = BabyTracker;
			productReference = CFC18008245E18B1007C756A /* BabyTracker.app */;
			productType = "com.apple.product-type.application";
		};
		CFC1801D245E18B3007C756A /* BabyTrackerTests */ = {
			isa = PBXNativeTarget;
			buildConfigurationList = CFC1802A245E18B3007C756A /* Build configuration list for PBXNativeTarget "BabyTrackerTests" */;
			buildPhases = (
				CFC1801A245E18B3007C756A /* Sources */,
				CFC1801B245E18B3007C756A /* Frameworks */,
				CFC1801C245E18B3007C756A /* Resources */,
			);
			buildRules = (
			);
			dependencies = (
				CFC18020245E18B3007C756A /* PBXTargetDependency */,
			);
			name = BabyTrackerTests;
			productName = BabyTrackerTests;
			productReference = CFC1801E245E18B3007C756A /* BabyTrackerTests.xctest */;
			productType = "com.apple.product-type.bundle.unit-test";
		};
/* End PBXNativeTarget section */

/* Begin PBXProject section */
		CFC18000245E18B0007C756A /* Project object */ = {
			isa = PBXProject;
			attributes = {
				LastSwiftUpdateCheck = 1130;
				LastUpgradeCheck = 1130;
				ORGANIZATIONNAME = "Calvin Chestnut";
				TargetAttributes = {
					CFC18007245E18B1007C756A = {
						CreatedOnToolsVersion = 11.3.1;
					};
					CFC1801D245E18B3007C756A = {
						CreatedOnToolsVersion = 11.3.1;
						TestTargetID = CFC18007245E18B1007C756A;
					};
				};
			};
			buildConfigurationList = CFC18003245E18B0007C756A /* Build configuration list for PBXProject "BabyTracker" */;
			compatibilityVersion = "Xcode 9.3";
			developmentRegion = en;
			hasScannedForEncodings = 0;
			knownRegions = (
				en,
				Base,
			);
			mainGroup = CFC17FFF245E18B0007C756A;
			packageReferences = (
				CFC1802F245E1EFF007C756A /* XCRemoteSwiftPackageReference "BabyChestnut" */,
			);
			productRefGroup = CFC18009245E18B1007C756A /* Products */;
			projectDirPath = "";
			projectRoot = "";
			targets = (
				CFC18007245E18B1007C756A /* BabyTracker */,
				CFC1801D245E18B3007C756A /* BabyTrackerTests */,
			);
		};
/* End PBXProject section */

/* Begin PBXResourcesBuildPhase section */
		CFC18006245E18B1007C756A /* Resources */ = {
			isa = PBXResourcesBuildPhase;
			buildActionMask = 2147483647;
			files = (
				CFC18018245E18B3007C756A /* LaunchScreen.storyboard in Resources */,
				CFC18015245E18B3007C756A /* Preview Assets.xcassets in Resources */,
				CFC18012245E18B3007C756A /* Assets.xcassets in Resources */,
			);
			runOnlyForDeploymentPostprocessing = 0;
		};
		CFC1801C245E18B3007C756A /* Resources */ = {
			isa = PBXResourcesBuildPhase;
			buildActionMask = 2147483647;
			files = (
			);
			runOnlyForDeploymentPostprocessing = 0;
		};
/* End PBXResourcesBuildPhase section */

/* Begin PBXSourcesBuildPhase section */
		CFC18004245E18B1007C756A /* Sources */ = {
			isa = PBXSourcesBuildPhase;
			buildActionMask = 2147483647;
			files = (
				CFC1800C245E18B1007C756A /* AppDelegate.swift in Sources */,
				CFFA0B0224639E4000EBDD87 /* SwiftUIView.swift in Sources */,
				CFC1800E245E18B1007C756A /* SceneDelegate.swift in Sources */,
				CF6A2D36245F64F50060FA8A /* FormViews.swift in Sources */,
				CFC18010245E18B1007C756A /* ContentViews.swift in Sources */,
				CFC1802E245E1A86007C756A /* Extensions.swift in Sources */,
				CFC18033245E224E007C756A /* Models.swift in Sources */,
			);
			runOnlyForDeploymentPostprocessing = 0;
		};
		CFC1801A245E18B3007C756A /* Sources */ = {
			isa = PBXSourcesBuildPhase;
			buildActionMask = 2147483647;
			files = (
				CFC18023245E18B3007C756A /* BabyTrackerTests.swift in Sources */,
			);
			runOnlyForDeploymentPostprocessing = 0;
		};
/* End PBXSourcesBuildPhase section */

/* Begin PBXTargetDependency section */
		CFC18020245E18B3007C756A /* PBXTargetDependency */ = {
			isa = PBXTargetDependency;
			target = CFC18007245E18B1007C756A /* BabyTracker */;
			targetProxy = CFC1801F245E18B3007C756A /* PBXContainerItemProxy */;
		};
/* End PBXTargetDependency section */

/* Begin PBXVariantGroup section */
		CFC18016245E18B3007C756A /* LaunchScreen.storyboard */ = {
			isa = PBXVariantGroup;
			children = (
				CFC18017245E18B3007C756A /* Base */,
			);
			name = LaunchScreen.storyboard;
			sourceTree = "<group>";
		};
/* End PBXVariantGroup section */

/* Begin XCBuildConfiguration section */
		CFC18025245E18B3007C756A /* Debug */ = {
			isa = XCBuildConfiguration;
			buildSettings = {
				ALWAYS_SEARCH_USER_PATHS = NO;
				CLANG_ANALYZER_NONNULL = YES;
				CLANG_ANALYZER_NUMBER_OBJECT_CONVERSION = YES_AGGRESSIVE;
				CLANG_CXX_LANGUAGE_STANDARD = "gnu++14";
				CLANG_CXX_LIBRARY = "libc++";
				CLANG_ENABLE_MODULES = YES;
				CLANG_ENABLE_OBJC_ARC = YES;
				CLANG_ENABLE_OBJC_WEAK = YES;
				CLANG_WARN_BLOCK_CAPTURE_AUTORELEASING = YES;
				CLANG_WARN_BOOL_CONVERSION = YES;
				CLANG_WARN_COMMA = YES;
				CLANG_WARN_CONSTANT_CONVERSION = YES;
				CLANG_WARN_DEPRECATED_OBJC_IMPLEMENTATIONS = YES;
				CLANG_WARN_DIRECT_OBJC_ISA_USAGE = YES_ERROR;
				CLANG_WARN_DOCUMENTATION_COMMENTS = YES;
				CLANG_WARN_EMPTY_BODY = YES;
				CLANG_WARN_ENUM_CONVERSION = YES;
				CLANG_WARN_INFINITE_RECURSION = YES;
				CLANG_WARN_INT_CONVERSION = YES;
				CLANG_WARN_NON_LITERAL_NULL_CONVERSION = YES;
				CLANG_WARN_OBJC_IMPLICIT_RETAIN_SELF = YES;
				CLANG_WARN_OBJC_LITERAL_CONVERSION = YES;
				CLANG_WARN_OBJC_ROOT_CLASS = YES_ERROR;
				CLANG_WARN_RANGE_LOOP_ANALYSIS = YES;
				CLANG_WARN_STRICT_PROTOTYPES = YES;
				CLANG_WARN_SUSPICIOUS_MOVE = YES;
				CLANG_WARN_UNGUARDED_AVAILABILITY = YES_AGGRESSIVE;
				CLANG_WARN_UNREACHABLE_CODE = YES;
				CLANG_WARN__DUPLICATE_METHOD_MATCH = YES;
				COPY_PHASE_STRIP = NO;
				DEBUG_INFORMATION_FORMAT = dwarf;
				ENABLE_STRICT_OBJC_MSGSEND = YES;
				ENABLE_TESTABILITY = YES;
				GCC_C_LANGUAGE_STANDARD = gnu11;
				GCC_DYNAMIC_NO_PIC = NO;
				GCC_NO_COMMON_BLOCKS = YES;
				GCC_OPTIMIZATION_LEVEL = 0;
				GCC_PREPROCESSOR_DEFINITIONS = (
					"DEBUG=1",
					"$(inherited)",
				);
				GCC_WARN_64_TO_32_BIT_CONVERSION = YES;
				GCC_WARN_ABOUT_RETURN_TYPE = YES_ERROR;
				GCC_WARN_UNDECLARED_SELECTOR = YES;
				GCC_WARN_UNINITIALIZED_AUTOS = YES_AGGRESSIVE;
				GCC_WARN_UNUSED_FUNCTION = YES;
				GCC_WARN_UNUSED_VARIABLE = YES;
				IPHONEOS_DEPLOYMENT_TARGET = 13.2;
				MTL_ENABLE_DEBUG_INFO = INCLUDE_SOURCE;
				MTL_FAST_MATH = YES;
				ONLY_ACTIVE_ARCH = YES;
				SDKROOT = iphoneos;
				SWIFT_ACTIVE_COMPILATION_CONDITIONS = DEBUG;
				SWIFT_OPTIMIZATION_LEVEL = "-Onone";
			};
			name = Debug;
		};
		CFC18026245E18B3007C756A /* Release */ = {
			isa = XCBuildConfiguration;
			buildSettings = {
				ALWAYS_SEARCH_USER_PATHS = NO;
				CLANG_ANALYZER_NONNULL = YES;
				CLANG_ANALYZER_NUMBER_OBJECT_CONVERSION = YES_AGGRESSIVE;
				CLANG_CXX_LANGUAGE_STANDARD = "gnu++14";
				CLANG_CXX_LIBRARY = "libc++";
				CLANG_ENABLE_MODULES = YES;
				CLANG_ENABLE_OBJC_ARC = YES;
				CLANG_ENABLE_OBJC_WEAK = YES;
				CLANG_WARN_BLOCK_CAPTURE_AUTORELEASING = YES;
				CLANG_WARN_BOOL_CONVERSION = YES;
				CLANG_WARN_COMMA = YES;
				CLANG_WARN_CONSTANT_CONVERSION = YES;
				CLANG_WARN_DEPRECATED_OBJC_IMPLEMENTATIONS = YES;
				CLANG_WARN_DIRECT_OBJC_ISA_USAGE = YES_ERROR;
				CLANG_WARN_DOCUMENTATION_COMMENTS = YES;
				CLANG_WARN_EMPTY_BODY = YES;
				CLANG_WARN_ENUM_CONVERSION = YES;
				CLANG_WARN_INFINITE_RECURSION = YES;
				CLANG_WARN_INT_CONVERSION = YES;
				CLANG_WARN_NON_LITERAL_NULL_CONVERSION = YES;
				CLANG_WARN_OBJC_IMPLICIT_RETAIN_SELF = YES;
				CLANG_WARN_OBJC_LITERAL_CONVERSION = YES;
				CLANG_WARN_OBJC_ROOT_CLASS = YES_ERROR;
				CLANG_WARN_RANGE_LOOP_ANALYSIS = YES;
				CLANG_WARN_STRICT_PROTOTYPES = YES;
				CLANG_WARN_SUSPICIOUS_MOVE = YES;
				CLANG_WARN_UNGUARDED_AVAILABILITY = YES_AGGRESSIVE;
				CLANG_WARN_UNREACHABLE_CODE = YES;
				CLANG_WARN__DUPLICATE_METHOD_MATCH = YES;
				COPY_PHASE_STRIP = NO;
				DEBUG_INFORMATION_FORMAT = "dwarf-with-dsym";
				ENABLE_NS_ASSERTIONS = NO;
				ENABLE_STRICT_OBJC_MSGSEND = YES;
				GCC_C_LANGUAGE_STANDARD = gnu11;
				GCC_NO_COMMON_BLOCKS = YES;
				GCC_WARN_64_TO_32_BIT_CONVERSION = YES;
				GCC_WARN_ABOUT_RETURN_TYPE = YES_ERROR;
				GCC_WARN_UNDECLARED_SELECTOR = YES;
				GCC_WARN_UNINITIALIZED_AUTOS = YES_AGGRESSIVE;
				GCC_WARN_UNUSED_FUNCTION = YES;
				GCC_WARN_UNUSED_VARIABLE = YES;
				IPHONEOS_DEPLOYMENT_TARGET = 13.2;
				MTL_ENABLE_DEBUG_INFO = NO;
				MTL_FAST_MATH = YES;
				SDKROOT = iphoneos;
				SWIFT_COMPILATION_MODE = wholemodule;
				SWIFT_OPTIMIZATION_LEVEL = "-O";
				VALIDATE_PRODUCT = YES;
			};
			name = Release;
		};
		CFC18028245E18B3007C756A /* Debug */ = {
			isa = XCBuildConfiguration;
			buildSettings = {
				ASSETCATALOG_COMPILER_APPICON_NAME = AppIcon;
				CODE_SIGN_ENTITLEMENTS = BabyTracker/BabyTracker.entitlements;
				CODE_SIGN_STYLE = Automatic;
				DEVELOPMENT_ASSET_PATHS = "\"BabyTracker/Preview Content\"";
				DEVELOPMENT_TEAM = 6SEG2H9AQV;
				ENABLE_PREVIEWS = YES;
				INFOPLIST_FILE = BabyTracker/Info.plist;
				LD_RUNPATH_SEARCH_PATHS = (
					"$(inherited)",
					"@executable_path/Frameworks",
				);
				PRODUCT_BUNDLE_IDENTIFIER = com.chestnut.BabyTracker;
				PRODUCT_NAME = "$(TARGET_NAME)";
				SUPPORTS_MACCATALYST = YES;
				SWIFT_VERSION = 5.0;
				TARGETED_DEVICE_FAMILY = "1,2";
			};
			name = Debug;
		};
		CFC18029245E18B3007C756A /* Release */ = {
			isa = XCBuildConfiguration;
			buildSettings = {
				ASSETCATALOG_COMPILER_APPICON_NAME = AppIcon;
				CODE_SIGN_ENTITLEMENTS = BabyTracker/BabyTracker.entitlements;
				CODE_SIGN_STYLE = Automatic;
				DEVELOPMENT_ASSET_PATHS = "\"BabyTracker/Preview Content\"";
				DEVELOPMENT_TEAM = 6SEG2H9AQV;
				ENABLE_PREVIEWS = YES;
				INFOPLIST_FILE = BabyTracker/Info.plist;
				LD_RUNPATH_SEARCH_PATHS = (
					"$(inherited)",
					"@executable_path/Frameworks",
				);
				PRODUCT_BUNDLE_IDENTIFIER = com.chestnut.BabyTracker;
				PRODUCT_NAME = "$(TARGET_NAME)";
				SUPPORTS_MACCATALYST = YES;
				SWIFT_VERSION = 5.0;
				TARGETED_DEVICE_FAMILY = "1,2";
			};
			name = Release;
		};
		CFC1802B245E18B3007C756A /* Debug */ = {
			isa = XCBuildConfiguration;
			buildSettings = {
				ALWAYS_EMBED_SWIFT_STANDARD_LIBRARIES = YES;
				BUNDLE_LOADER = "$(TEST_HOST)";
				CODE_SIGN_STYLE = Automatic;
				DEVELOPMENT_TEAM = 6SEG2H9AQV;
				INFOPLIST_FILE = BabyTrackerTests/Info.plist;
				IPHONEOS_DEPLOYMENT_TARGET = 13.2;
				LD_RUNPATH_SEARCH_PATHS = (
					"$(inherited)",
					"@executable_path/Frameworks",
					"@loader_path/Frameworks",
				);
				PRODUCT_BUNDLE_IDENTIFIER = com.chestnut.BabyTrackerTests;
				PRODUCT_NAME = "$(TARGET_NAME)";
				SWIFT_VERSION = 5.0;
				TARGETED_DEVICE_FAMILY = "1,2";
				TEST_HOST = "$(BUILT_PRODUCTS_DIR)/BabyTracker.app/BabyTracker";
			};
			name = Debug;
		};
		CFC1802C245E18B3007C756A /* Release */ = {
			isa = XCBuildConfiguration;
			buildSettings = {
				ALWAYS_EMBED_SWIFT_STANDARD_LIBRARIES = YES;
				BUNDLE_LOADER = "$(TEST_HOST)";
				CODE_SIGN_STYLE = Automatic;
				DEVELOPMENT_TEAM = 6SEG2H9AQV;
				INFOPLIST_FILE = BabyTrackerTests/Info.plist;
				IPHONEOS_DEPLOYMENT_TARGET = 13.2;
				LD_RUNPATH_SEARCH_PATHS = (
					"$(inherited)",
					"@executable_path/Frameworks",
					"@loader_path/Frameworks",
				);
				PRODUCT_BUNDLE_IDENTIFIER = com.chestnut.BabyTrackerTests;
				PRODUCT_NAME = "$(TARGET_NAME)";
				SWIFT_VERSION = 5.0;
				TARGETED_DEVICE_FAMILY = "1,2";
				TEST_HOST = "$(BUILT_PRODUCTS_DIR)/BabyTracker.app/BabyTracker";
			};
			name = Release;
		};
/* End XCBuildConfiguration section */

/* Begin XCConfigurationList section */
		CFC18003245E18B0007C756A /* Build configuration list for PBXProject "BabyTracker" */ = {
			isa = XCConfigurationList;
			buildConfigurations = (
				CFC18025245E18B3007C756A /* Debug */,
				CFC18026245E18B3007C756A /* Release */,
			);
			defaultConfigurationIsVisible = 0;
			defaultConfigurationName = Release;
		};
		CFC18027245E18B3007C756A /* Build configuration list for PBXNativeTarget "BabyTracker" */ = {
			isa = XCConfigurationList;
			buildConfigurations = (
				CFC18028245E18B3007C756A /* Debug */,
				CFC18029245E18B3007C756A /* Release */,
			);
			defaultConfigurationIsVisible = 0;
			defaultConfigurationName = Release;
		};
		CFC1802A245E18B3007C756A /* Build configuration list for PBXNativeTarget "BabyTrackerTests" */ = {
			isa = XCConfigurationList;
			buildConfigurations = (
				CFC1802B245E18B3007C756A /* Debug */,
				CFC1802C245E18B3007C756A /* Release */,
			);
			defaultConfigurationIsVisible = 0;
			defaultConfigurationName = Release;
		};
/* End XCConfigurationList section */

/* Begin XCRemoteSwiftPackageReference section */
		CFC1802F245E1EFF007C756A /* XCRemoteSwiftPackageReference "BabyChestnut" */ = {
			isa = XCRemoteSwiftPackageReference;
			repositoryURL = "https://github.com/calvinchestnut/BabyChestnut.git";
			requirement = {
				branch = master;
				kind = branch;
			};
		};
/* End XCRemoteSwiftPackageReference section */

/* Begin XCSwiftPackageProductDependency section */
		CFC18030245E1EFF007C756A /* BabyModule */ = {
			isa = XCSwiftPackageProductDependency;
			package = CFC1802F245E1EFF007C756A /* XCRemoteSwiftPackageReference "BabyChestnut" */;
			productName = BabyModule;
		};
/* End XCSwiftPackageProductDependency section */
	};
	rootObject = CFC18000245E18B0007C756A /* Project object */;
}
